lockfileVersion: '6.0'

settings:
  autoInstallPeers: true
  excludeLinksFromLockfile: false

dependencies:
  '@rollup/plugin-commonjs':
    specifier: ^28.0.3
    version: 28.0.3(rollup@4.40.2)
  '@rollup/plugin-node-resolve':
    specifier: ^16.0.1
    version: 16.0.1(rollup@4.40.2)
  '@rollup/plugin-replace':
    specifier: ^6.0.2
    version: 6.0.2(rollup@4.40.2)
  '@rollup/plugin-terser':
    specifier: ^0.4.4
    version: 0.4.4(rollup@4.40.2)
  '@types/node':
    specifier: ^22.15.2
    version: 22.15.18
  '@types/parse5':
    specifier: ^4.0.0
    version: 4.0.1
  '@types/parse5-html-rewriting-stream':
    specifier: ^5.1.2
    version: 5.1.2
  dom5:
    specifier: ^3.0.1
    version: 3.0.1
  parse5-html-rewriting-stream:
    specifier: ^5.1.1
    version: 5.1.1
  rollup:
    specifier: ^4.40.0
    version: 4.40.2
  terser:
    specifier: ~5.39.0
    version: 5.39.2
  typescript:
    specifier: ^5.8.3
    version: 5.8.3

packages:

  /@jridgewell/gen-mapping@0.3.8:
    resolution: {integrity: sha512-imAbBGkb+ebQyxKgzv5Hu2nmROxoDOXHh80evxdoXNOrvAnVx7zimzc1Oo5h9RlfV4vPXaE2iM5pOFbvOCClWA==}
    engines: {node: '>=6.0.0'}
    dependencies:
      '@jridgewell/set-array': 1.2.1
      '@jridgewell/sourcemap-codec': 1.5.0
      '@jridgewell/trace-mapping': 0.3.25
    dev: false

  /@jridgewell/resolve-uri@3.1.2:
    resolution: {integrity: sha512-bRISgCIjP20/tbWSPWMEi54QVPRZExkuD9lJL+UIxUKtwVJA8wW1Trb1jMs1RFXo1CBTNZ/5hpC9QvmKWdopKw==}
    engines: {node: '>=6.0.0'}
    dev: false

  /@jridgewell/set-array@1.2.1:
    resolution: {integrity: sha512-R8gLRTZeyp03ymzP/6Lil/28tGeGEzhx1q2k703KGWRAI1VdvPIXdG70VJc2pAMw3NA6JKL5hhFu1sJX0Mnn/A==}
    engines: {node: '>=6.0.0'}
    dev: false

  /@jridgewell/source-map@0.3.6:
    resolution: {integrity: sha512-1ZJTZebgqllO79ue2bm3rIGud/bOe0pP5BjSRCRxxYkEZS8STV7zN84UBbiYu7jy+eCKSnVIUgoWWE/tt+shMQ==}
    dependencies:
      '@jridgewell/gen-mapping': 0.3.8
      '@jridgewell/trace-mapping': 0.3.25
    dev: false

  /@jridgewell/sourcemap-codec@1.5.0:
    resolution: {integrity: sha512-gv3ZRaISU3fjPAgNsriBRqGWQL6quFx04YMPW/zD8XMLsU32mhCCbfbO6KZFLjvYpCZ8zyDEgqsgf+PwPaM7GQ==}
    dev: false

  /@jridgewell/trace-mapping@0.3.25:
    resolution: {integrity: sha512-vNk6aEwybGtawWmy/PzwnGDOjCkLWSD2wqvjGGAgOAwCGWySYXfYoxt00IJkTF+8Lb57DwOb3Aa0o9CApepiYQ==}
    dependencies:
      '@jridgewell/resolve-uri': 3.1.2
      '@jridgewell/sourcemap-codec': 1.5.0
    dev: false

  /@rollup/plugin-commonjs@28.0.3(rollup@4.40.2):
    resolution: {integrity: sha512-pyltgilam1QPdn+Zd9gaCfOLcnjMEJ9gV+bTw6/r73INdvzf1ah9zLIJBm+kW7R6IUFIQ1YO+VqZtYxZNWFPEQ==}
    engines: {node: '>=16.0.0 || 14 >= 14.17'}
    peerDependencies:
      rollup: ^2.68.0||^3.0.0||^4.0.0
    peerDependenciesMeta:
      rollup:
        optional: true
    dependencies:
      '@rollup/pluginutils': 5.1.4(rollup@4.40.2)
      commondir: 1.0.1
      estree-walker: 2.0.2
      fdir: 6.4.4(picomatch@4.0.2)
      is-reference: 1.2.1
      magic-string: 0.30.17
      picomatch: 4.0.2
      rollup: 4.40.2
    dev: false

  /@rollup/plugin-node-resolve@16.0.1(rollup@4.40.2):
    resolution: {integrity: sha512-tk5YCxJWIG81umIvNkSod2qK5KyQW19qcBF/B78n1bjtOON6gzKoVeSzAE8yHCZEDmqkHKkxplExA8KzdJLJpA==}
    engines: {node: '>=14.0.0'}
    peerDependencies:
      rollup: ^2.78.0||^3.0.0||^4.0.0
    peerDependenciesMeta:
      rollup:
        optional: true
    dependencies:
      '@rollup/pluginutils': 5.1.4(rollup@4.40.2)
      '@types/resolve': 1.20.2
      deepmerge: 4.3.1
      is-module: 1.0.0
      resolve: 1.22.10
      rollup: 4.40.2
    dev: false

  /@rollup/plugin-replace@6.0.2(rollup@4.40.2):
    resolution: {integrity: sha512-7QaYCf8bqF04dOy7w/eHmJeNExxTYwvKAmlSAH/EaWWUzbT0h5sbF6bktFoX/0F/0qwng5/dWFMyf3gzaM8DsQ==}
    engines: {node: '>=14.0.0'}
    peerDependencies:
      rollup: ^1.20.0||^2.0.0||^3.0.0||^4.0.0
    peerDependenciesMeta:
      rollup:
        optional: true
    dependencies:
      '@rollup/pluginutils': 5.1.4(rollup@4.40.2)
      magic-string: 0.30.17
      rollup: 4.40.2
    dev: false

  /@rollup/plugin-terser@0.4.4(rollup@4.40.2):
    resolution: {integrity: sha512-XHeJC5Bgvs8LfukDwWZp7yeqin6ns8RTl2B9avbejt6tZqsqvVoWI7ZTQrcNsfKEDWBTnTxM8nMDkO2IFFbd0A==}
    engines: {node: '>=14.0.0'}
    peerDependencies:
      rollup: ^2.0.0||^3.0.0||^4.0.0
    peerDependenciesMeta:
      rollup:
        optional: true
    dependencies:
      rollup: 4.40.2
      serialize-javascript: 6.0.2
      smob: 1.5.0
      terser: 5.39.2
    dev: false

  /@rollup/pluginutils@5.1.4(rollup@4.40.2):
    resolution: {integrity: sha512-USm05zrsFxYLPdWWq+K3STlWiT/3ELn3RcV5hJMghpeAIhxfsUIg6mt12CBJBInWMV4VneoV7SfGv8xIwo2qNQ==}
    engines: {node: '>=14.0.0'}
    peerDependencies:
      rollup: ^1.20.0||^2.0.0||^3.0.0||^4.0.0
    peerDependenciesMeta:
      rollup:
        optional: true
    dependencies:
      '@types/estree': 1.0.7
      estree-walker: 2.0.2
      picomatch: 4.0.2
      rollup: 4.40.2
    dev: false

  /@rollup/rollup-android-arm-eabi@4.40.2:
    resolution: {integrity: sha512-JkdNEq+DFxZfUwxvB58tHMHBHVgX23ew41g1OQinthJ+ryhdRk67O31S7sYw8u2lTjHUPFxwar07BBt1KHp/hg==}
    cpu: [arm]
    os: [android]
    requiresBuild: true
    dev: false
    optional: true

  /@rollup/rollup-android-arm64@4.40.2:
    resolution: {integrity: sha512-13unNoZ8NzUmnndhPTkWPWbX3vtHodYmy+I9kuLxN+F+l+x3LdVF7UCu8TWVMt1POHLh6oDHhnOA04n8oJZhBw==}
    cpu: [arm64]
    os: [android]
    requiresBuild: true
    dev: false
    optional: true

  /@rollup/rollup-darwin-arm64@4.40.2:
    resolution: {integrity: sha512-Gzf1Hn2Aoe8VZzevHostPX23U7N5+4D36WJNHK88NZHCJr7aVMG4fadqkIf72eqVPGjGc0HJHNuUaUcxiR+N/w==}
    cpu: [arm64]
    os: [darwin]
    requiresBuild: true
    dev: false
    optional: true

  /@rollup/rollup-darwin-x64@4.40.2:
    resolution: {integrity: sha512-47N4hxa01a4x6XnJoskMKTS8XZ0CZMd8YTbINbi+w03A2w4j1RTlnGHOz/P0+Bg1LaVL6ufZyNprSg+fW5nYQQ==}
    cpu: [x64]
    os: [darwin]
    requiresBuild: true
    dev: false
    optional: true

  /@rollup/rollup-freebsd-arm64@4.40.2:
    resolution: {integrity: sha512-8t6aL4MD+rXSHHZUR1z19+9OFJ2rl1wGKvckN47XFRVO+QL/dUSpKA2SLRo4vMg7ELA8pzGpC+W9OEd1Z/ZqoQ==}
    cpu: [arm64]
    os: [freebsd]
    requiresBuild: true
    dev: false
    optional: true

  /@rollup/rollup-freebsd-x64@4.40.2:
    resolution: {integrity: sha512-C+AyHBzfpsOEYRFjztcYUFsH4S7UsE9cDtHCtma5BK8+ydOZYgMmWg1d/4KBytQspJCld8ZIujFMAdKG1xyr4Q==}
    cpu: [x64]
    os: [freebsd]
    requiresBuild: true
    dev: false
    optional: true

  /@rollup/rollup-linux-arm-gnueabihf@4.40.2:
    resolution: {integrity: sha512-de6TFZYIvJwRNjmW3+gaXiZ2DaWL5D5yGmSYzkdzjBDS3W+B9JQ48oZEsmMvemqjtAFzE16DIBLqd6IQQRuG9Q==}
    cpu: [arm]
    os: [linux]
    requiresBuild: true
    dev: false
    optional: true

  /@rollup/rollup-linux-arm-musleabihf@4.40.2:
    resolution: {integrity: sha512-urjaEZubdIkacKc930hUDOfQPysezKla/O9qV+O89enqsqUmQm8Xj8O/vh0gHg4LYfv7Y7UsE3QjzLQzDYN1qg==}
    cpu: [arm]
    os: [linux]
    requiresBuild: true
    dev: false
    optional: true

  /@rollup/rollup-linux-arm64-gnu@4.40.2:
    resolution: {integrity: sha512-KlE8IC0HFOC33taNt1zR8qNlBYHj31qGT1UqWqtvR/+NuCVhfufAq9fxO8BMFC22Wu0rxOwGVWxtCMvZVLmhQg==}
    cpu: [arm64]
    os: [linux]
    requiresBuild: true
    dev: false
    optional: true

  /@rollup/rollup-linux-arm64-musl@4.40.2:
    resolution: {integrity: sha512-j8CgxvfM0kbnhu4XgjnCWJQyyBOeBI1Zq91Z850aUddUmPeQvuAy6OiMdPS46gNFgy8gN1xkYyLgwLYZG3rBOg==}
    cpu: [arm64]
    os: [linux]
    requiresBuild: true
    dev: false
    optional: true

  /@rollup/rollup-linux-loongarch64-gnu@4.40.2:
    resolution: {integrity: sha512-Ybc/1qUampKuRF4tQXc7G7QY9YRyeVSykfK36Y5Qc5dmrIxwFhrOzqaVTNoZygqZ1ZieSWTibfFhQ5qK8jpWxw==}
    cpu: [loong64]
    os: [linux]
    requiresBuild: true
    dev: false
    optional: true

  /@rollup/rollup-linux-powerpc64le-gnu@4.40.2:
    resolution: {integrity: sha512-3FCIrnrt03CCsZqSYAOW/k9n625pjpuMzVfeI+ZBUSDT3MVIFDSPfSUgIl9FqUftxcUXInvFah79hE1c9abD+Q==}
    cpu: [ppc64]
    os: [linux]
    requiresBuild: true
    dev: false
    optional: true

  /@rollup/rollup-linux-riscv64-gnu@4.40.2:
    resolution: {integrity: sha512-QNU7BFHEvHMp2ESSY3SozIkBPaPBDTsfVNGx3Xhv+TdvWXFGOSH2NJvhD1zKAT6AyuuErJgbdvaJhYVhVqrWTg==}
    cpu: [riscv64]
    os: [linux]
    requiresBuild: true
    dev: false
    optional: true

  /@rollup/rollup-linux-riscv64-musl@4.40.2:
    resolution: {integrity: sha512-5W6vNYkhgfh7URiXTO1E9a0cy4fSgfE4+Hl5agb/U1sa0kjOLMLC1wObxwKxecE17j0URxuTrYZZME4/VH57Hg==}
    cpu: [riscv64]
    os: [linux]
    requiresBuild: true
    dev: false
    optional: true

  /@rollup/rollup-linux-s390x-gnu@4.40.2:
    resolution: {integrity: sha512-B7LKIz+0+p348JoAL4X/YxGx9zOx3sR+o6Hj15Y3aaApNfAshK8+mWZEf759DXfRLeL2vg5LYJBB7DdcleYCoQ==}
    cpu: [s390x]
    os: [linux]
    requiresBuild: true
    dev: false
    optional: true

  /@rollup/rollup-linux-x64-gnu@4.40.2:
    resolution: {integrity: sha512-lG7Xa+BmBNwpjmVUbmyKxdQJ3Q6whHjMjzQplOs5Z+Gj7mxPtWakGHqzMqNER68G67kmCX9qX57aRsW5V0VOng==}
    cpu: [x64]
    os: [linux]
    requiresBuild: true
    dev: false
    optional: true

  /@rollup/rollup-linux-x64-musl@4.40.2:
    resolution: {integrity: sha512-tD46wKHd+KJvsmije4bUskNuvWKFcTOIM9tZ/RrmIvcXnbi0YK/cKS9FzFtAm7Oxi2EhV5N2OpfFB348vSQRXA==}
    cpu: [x64]
    os: [linux]
    requiresBuild: true
    dev: false
    optional: true

  /@rollup/rollup-win32-arm64-msvc@4.40.2:
    resolution: {integrity: sha512-Bjv/HG8RRWLNkXwQQemdsWw4Mg+IJ29LK+bJPW2SCzPKOUaMmPEppQlu/Fqk1d7+DX3V7JbFdbkh/NMmurT6Pg==}
    cpu: [arm64]
    os: [win32]
    requiresBuild: true
    dev: false
    optional: true

  /@rollup/rollup-win32-ia32-msvc@4.40.2:
    resolution: {integrity: sha512-dt1llVSGEsGKvzeIO76HToiYPNPYPkmjhMHhP00T9S4rDern8P2ZWvWAQUEJ+R1UdMWJ/42i/QqJ2WV765GZcA==}
    cpu: [ia32]
    os: [win32]
    requiresBuild: true
    dev: false
    optional: true

  /@rollup/rollup-win32-x64-msvc@4.40.2:
    resolution: {integrity: sha512-bwspbWB04XJpeElvsp+DCylKfF4trJDa2Y9Go8O6A7YLX2LIKGcNK/CYImJN6ZP4DcuOHB4Utl3iCbnR62DudA==}
    cpu: [x64]
    os: [win32]
    requiresBuild: true
    dev: false
    optional: true

  /@types/estree@1.0.7:
    resolution: {integrity: sha512-w28IoSUCJpidD/TGviZwwMJckNESJZXFu7NBZ5YJ4mEUnNraUn9Pm8HSZm/jDF1pDWYKspWE7oVphigUPRakIQ==}
    dev: false

  /@types/node@22.15.18:
    resolution: {integrity: sha512-v1DKRfUdyW+jJhZNEI1PYy29S2YRxMV5AOO/x/SjKmW0acCIOqmbj6Haf9eHAhsPmrhlHSxEhv/1WszcLWV4cg==}
    dependencies:
      undici-types: 6.21.0
    dev: false

  /@types/parse5-html-rewriting-stream@5.1.2:
    resolution: {integrity: sha512-7CHY6QlayurvYRST5xatE/ipIueph5V+EW2xU12P0CsNucuwygnuiE4foYsdQUEkhnKrTU62KmikANPnoxiGrg==}
    dependencies:
      '@types/parse5-sax-parser': 7.0.0
    dev: false

  /@types/parse5-sax-parser@7.0.0:
    resolution: {integrity: sha512-wR3hG33tMsLOdqtcJT0XuGi1Ik3dTP+/ZWN1AckYmEagO/SWoL99GPyv21ZI/FAHOtYWB02TEV3+Y5zqkC4L+Q==}
    deprecated: This is a stub types definition. parse5-sax-parser provides its own type definitions, so you do not need this installed.
    dependencies:
      parse5-sax-parser: 7.0.0
    dev: false

  /@types/parse5@2.2.34:
    resolution: {integrity: sha512-p3qOvaRsRpFyEmaS36RtLzpdxZZnmxGuT1GMgzkTtTJVFuEw7KFjGK83MFODpJExgX1bEzy9r0NYjMC3IMfi7w==}
    dependencies:
      '@types/node': 22.15.18
    dev: false

  /@types/parse5@4.0.1:
    resolution: {integrity: sha512-CgJIkoNLclXUUg5cEo/SybyhxgVuKGqGcw8BPBpkKWX7wGcNfDlO2Ot+5O9u5E6k3NDg6RmJzm5w5N2prDIE8Q==}
    dependencies:
      '@types/node': 22.15.18
    dev: false

  /@types/resolve@1.20.2:
    resolution: {integrity: sha512-60BCwRFOZCQhDncwQdxxeOEEkbc5dIMccYLwbxsS4TUNeVECQ/pBJ0j09mrHOl/JJvpRPGwO9SvE4nR2Nb/a4Q==}
    dev: false

  /acorn@8.14.1:
    resolution: {integrity: sha512-OvQ/2pUDKmgfCg++xsTX1wGxfTaszcHVcTctW4UJB4hibJx2HXxxO5UmVgyjMa+ZDsiaf5wWLXYpRWMmBI0QHg==}
    engines: {node: '>=0.4.0'}
    hasBin: true
    dev: false

  /buffer-from@1.1.2:
    resolution: {integrity: sha512-E+XQCRwSbaaiChtv6k6Dwgc+bx+Bs6vuKJHHl5kox/BaKbhiXzqQOwK4cO22yElGp2OCmjwVhT3HmxgyPGnJfQ==}
    dev: false

  /clone@2.1.2:
    resolution: {integrity: sha512-3Pe/CF1Nn94hyhIYpjtiLhdCoEoz0DqQ+988E9gmeEdQZlojxnOb74wctFyuwWQHzqyf9X7C7MG8juUpqBJT8w==}
    engines: {node: '>=0.8'}
    dev: false

  /commander@2.20.3:
    resolution: {integrity: sha512-GpVkmM8vF2vQUkj2LvZmD35JxeJOLCwJ9cUkugyk2nuhbv3+mJvpLYYt+0+USMxE+oj+ey/lJEnhZw75x/OMcQ==}
    dev: false

  /commondir@1.0.1:
    resolution: {integrity: sha512-W9pAhw0ja1Edb5GVdIF1mjZw/ASI0AlShXM83UUGe2DVr5TdAPEA1OA8m/g8zWp9x6On7gqufY+FatDbC3MDQg==}
    dev: false

  /deepmerge@4.3.1:
    resolution: {integrity: sha512-3sUqbMEc77XqpdNO7FRyRog+eW3ph+GYCbj+rK+uYyRMuwsVy0rMiVtPn+QJlKFvWP/1PYpapqYn0Me2knFn+A==}
    engines: {node: '>=0.10.0'}
    dev: false

  /dom5@3.0.1:
    resolution: {integrity: sha512-JPFiouQIr16VQ4dX6i0+Hpbg3H2bMKPmZ+WZgBOSSvOPx9QHwwY8sPzeM2baUtViESYto6wC2nuZOMC/6gulcA==}
    dependencies:
      '@types/parse5': 2.2.34
      clone: 2.1.2
      parse5: 4.0.0
    dev: false

  /entities@6.0.0:
    resolution: {integrity: sha512-aKstq2TDOndCn4diEyp9Uq/Flu2i1GlLkc6XIDQSDMuaFE3OPW5OphLCyQ5SpSJZTb4reN+kTcYru5yIfXoRPw==}
    engines: {node: '>=0.12'}
    dev: false

  /estree-walker@2.0.2:
    resolution: {integrity: sha512-Rfkk/Mp/DL7JVje3u18FxFujQlTNR2q6QfMSMB7AvCBx91NGj/ba3kCfza0f6dVDbw7YlRf/nDrn7pQrCCyQ/w==}
    dev: false

  /fdir@6.4.4(picomatch@4.0.2):
    resolution: {integrity: sha512-1NZP+GK4GfuAv3PqKvxQRDMjdSRZjnkq7KfhlNrCNNlZ0ygQFpebfrnfnq/W7fpUnAv9aGWmY1zKx7FYL3gwhg==}
    peerDependencies:
      picomatch: ^3 || ^4
    peerDependenciesMeta:
      picomatch:
        optional: true
    dependencies:
      picomatch: 4.0.2
    dev: false

  /fsevents@2.3.3:
    resolution: {integrity: sha512-5xoDfX+fL7faATnagmWPpbFtwh/R77WmMMqqHGS65C3vvB0YHrgF+B1YmZ3441tMj5n63k0212XNoJwzlhffQw==}
    engines: {node: ^8.16.0 || ^10.6.0 || >=11.0.0}
    os: [darwin]
    requiresBuild: true
    dev: false
    optional: true

  /function-bind@1.1.2:
    resolution: {integrity: sha512-7XHNxH7qX9xG5mIwxkhumTox/MIRNcOgDrxWsMt2pAr23WHp6MrRlN7FBSFpCpr+oVO0F744iUgR82nJMfG2SA==}
    dev: false

  /hasown@2.0.2:
    resolution: {integrity: sha512-0hJU9SCPvmMzIBdZFqNPXWa6dqh7WdH0cII9y+CyS8rG3nL48Bclra9HmKhVVUHyPWNH5Y7xDwAB7bfgSjkUMQ==}
    engines: {node: '>= 0.4'}
    dependencies:
      function-bind: 1.1.2
    dev: false

  /is-core-module@2.16.1:
    resolution: {integrity: sha512-UfoeMA6fIJ8wTYFEUjelnaGI67v6+N7qXJEvQuIGa99l4xsCruSYOVSQ0uPANn4dAzm8lkYPaKLrrijLq7x23w==}
    engines: {node: '>= 0.4'}
    dependencies:
      hasown: 2.0.2
    dev: false

  /is-module@1.0.0:
    resolution: {integrity: sha512-51ypPSPCoTEIN9dy5Oy+h4pShgJmPCygKfyRCISBI+JoWT/2oJvK8QPxmwv7b/p239jXrm9M1mlQbyKJ5A152g==}
    dev: false

  /is-reference@1.2.1:
    resolution: {integrity: sha512-U82MsXXiFIrjCK4otLT+o2NA2Cd2g5MLoOVXUZjIOhLurrRxpEXzI8O0KZHr3IjLvlAH1kTPYSuqer5T9ZVBKQ==}
    dependencies:
      '@types/estree': 1.0.7
    dev: false

  /magic-string@0.30.17:
    resolution: {integrity: sha512-sNPKHvyjVf7gyjwS4xGTaW/mCnF8wnjtifKBEhxfZ7E/S8tQ0rssrwGNn6q8JH/ohItJfSQp9mBtQYuTlH5QnA==}
    dependencies:
      '@jridgewell/sourcemap-codec': 1.5.0
    dev: false

  /parse5-html-rewriting-stream@5.1.1:
    resolution: {integrity: sha512-rbXBeMlJ3pk3tKxLKAUaqvQTZM5KTohXmZvYEv2gU9sQC70w65BxPsh3PVVnwiVNCnNYDtNZRqCKmiMlfdG07Q==}
    dependencies:
      parse5: 5.1.1
      parse5-sax-parser: 5.1.1
    dev: false

  /parse5-sax-parser@5.1.1:
    resolution: {integrity: sha512-9HIh6zd7bF1NJe95LPCUC311CekdOi55R+HWXNCsGY6053DWaMijVKOv1oPvdvPTvFicifZyimBVJ6/qvG039Q==}
    dependencies:
      parse5: 5.1.1
    dev: false

  /parse5-sax-parser@7.0.0:
    resolution: {integrity: sha512-5A+v2SNsq8T6/mG3ahcz8ZtQ0OUFTatxPbeidoMB7tkJSGDY3tdfl4MHovtLQHkEn5CGxijNWRQHhRQ6IRpXKg==}
    dependencies:
      parse5: 7.3.0
    dev: false

  /parse5@4.0.0:
    resolution: {integrity: sha512-VrZ7eOd3T1Fk4XWNXMgiGBK/z0MG48BWG2uQNU4I72fkQuKUTZpl+u9k+CxEG0twMVzSmXEEz12z5Fnw1jIQFA==}
    dev: false

  /parse5@5.1.1:
    resolution: {integrity: sha512-ugq4DFI0Ptb+WWjAdOK16+u/nHfiIrcE+sh8kZMaM0WllQKLI9rOUq6c2b7cwPkXdzfQESqvoqK6ug7U/Yyzug==}
    dev: false

  /parse5@7.3.0:
    resolution: {integrity: sha512-IInvU7fabl34qmi9gY8XOVxhYyMyuH2xUNpb2q8/Y+7552KlejkRvqvD19nMoUW/uQGGbqNpA6Tufu5FL5BZgw==}
    dependencies:
      entities: 6.0.0
    dev: false

  /path-parse@1.0.7:
    resolution: {integrity: sha512-LDJzPVEEEPR+y48z93A0Ed0yXb8pAByGWo/k5YYdYgpY2/2EsOsksJrq7lOHxryrVOn1ejG6oAp8ahvOIQD8sw==}
    dev: false

  /picomatch@4.0.2:
    resolution: {integrity: sha512-M7BAV6Rlcy5u+m6oPhAPFgJTzAioX/6B0DxyvDlo9l8+T3nLKbrczg2WLUyzd45L8RqfUMyGPzekbMvX2Ldkwg==}
    engines: {node: '>=12'}
    dev: false

  /randombytes@2.1.0:
    resolution: {integrity: sha512-vYl3iOX+4CKUWuxGi9Ukhie6fsqXqS9FE2Zaic4tNFD2N2QQaXOMFbuKK4QmDHC0JO6B1Zp41J0LpT0oR68amQ==}
    dependencies:
      safe-buffer: 5.2.1
    dev: false

  /resolve@1.22.10:
    resolution: {integrity: sha512-NPRy+/ncIMeDlTAsuqwKIiferiawhefFJtkNSW0qZJEqMEb+qBt/77B/jGeeek+F0uOeN05CDa6HXbbIgtVX4w==}
    engines: {node: '>= 0.4'}
    hasBin: true
    dependencies:
      is-core-module: 2.16.1
      path-parse: 1.0.7
      supports-preserve-symlinks-flag: 1.0.0
    dev: false

  /rollup@4.40.2:
    resolution: {integrity: sha512-tfUOg6DTP4rhQ3VjOO6B4wyrJnGOX85requAXvqYTHsOgb2TFJdZ3aWpT8W2kPoypSGP7dZUyzxJ9ee4buM5Fg==}
    engines: {node: '>=18.0.0', npm: '>=8.0.0'}
    hasBin: true
    dependencies:
      '@types/estree': 1.0.7
    optionalDependencies:
      '@rollup/rollup-android-arm-eabi': 4.40.2
      '@rollup/rollup-android-arm64': 4.40.2
      '@rollup/rollup-darwin-arm64': 4.40.2
      '@rollup/rollup-darwin-x64': 4.40.2
      '@rollup/rollup-freebsd-arm64': 4.40.2
      '@rollup/rollup-freebsd-x64': 4.40.2
      '@rollup/rollup-linux-arm-gnueabihf': 4.40.2
      '@rollup/rollup-linux-arm-musleabihf': 4.40.2
      '@rollup/rollup-linux-arm64-gnu': 4.40.2
      '@rollup/rollup-linux-arm64-musl': 4.40.2
      '@rollup/rollup-linux-loongarch64-gnu': 4.40.2
      '@rollup/rollup-linux-powerpc64le-gnu': 4.40.2
      '@rollup/rollup-linux-riscv64-gnu': 4.40.2
      '@rollup/rollup-linux-riscv64-musl': 4.40.2
      '@rollup/rollup-linux-s390x-gnu': 4.40.2
      '@rollup/rollup-linux-x64-gnu': 4.40.2
      '@rollup/rollup-linux-x64-musl': 4.40.2
      '@rollup/rollup-win32-arm64-msvc': 4.40.2
      '@rollup/rollup-win32-ia32-msvc': 4.40.2
      '@rollup/rollup-win32-x64-msvc': 4.40.2
      fsevents: 2.3.3
    dev: false

  /safe-buffer@5.2.1:
    resolution: {integrity: sha512-rp3So07KcdmmKbGvgaNxQSJr7bGVSVk5S9Eq1F+ppbRo70+YeaDxkw5Dd8NPN+GD6bjnYm2VuPuCXmpuYvmCXQ==}
    dev: false

  /serialize-javascript@6.0.2:
    resolution: {integrity: sha512-Saa1xPByTTq2gdeFZYLLo+RFE35NHZkAbqZeWNd3BpzppeVisAqpDjcp8dyf6uIvEqJRd46jemmyA4iFIeVk8g==}
    dependencies:
      randombytes: 2.1.0
    dev: false

  /smob@1.5.0:
    resolution: {integrity: sha512-g6T+p7QO8npa+/hNx9ohv1E5pVCmWrVCUzUXJyLdMmftX6ER0oiWY/w9knEonLpnOp6b6FenKnMfR8gqwWdwig==}
    dev: false

  /source-map-support@0.5.21:
    resolution: {integrity: sha512-uBHU3L3czsIyYXKX88fdrGovxdSCoTGDRZ6SYXtSRxLZUzHg5P/66Ht6uoUlHu9EZod+inXhKo3qQgwXUT/y1w==}
    dependencies:
      buffer-from: 1.1.2
      source-map: 0.6.1
    dev: false

  /source-map@0.6.1:
    resolution: {integrity: sha512-UjgapumWlbMhkBgzT7Ykc5YXUT46F0iKu8SGXq0bcwP5dz/h0Plj6enJqjz1Zbq2l5WaqYnrVbwWOWMyF3F47g==}
    engines: {node: '>=0.10.0'}
    dev: false

  /supports-preserve-symlinks-flag@1.0.0:
    resolution: {integrity: sha512-ot0WnXS9fgdkgIcePe6RHNk1WA8+muPa6cSjeR3V8K27q9BB1rTE3R1p7Hv0z1ZyAc8s6Vvv8DIyWf681MAt0w==}
    engines: {node: '>= 0.4'}
    dev: false

  /terser@5.39.2:
    resolution: {integrity: sha512-yEPUmWve+VA78bI71BW70Dh0TuV4HHd+I5SHOAfS1+QBOmvmCiiffgjR8ryyEd3KIfvPGFqoADt8LdQ6XpXIvg==}
    engines: {node: '>=10'}
    hasBin: true
    dependencies:
      '@jridgewell/source-map': 0.3.6
      acorn: 8.14.1
      commander: 2.20.3
      source-map-support: 0.5.21
    dev: false

  /typescript@5.8.3:
    resolution: {integrity: sha512-p1diW6TqL9L07nNxvRMM7hMMw4c5XOo/1ibL4aAIGmSAt9slTE1Xgw5KWuof2uTOvCg9BY7ZRi+GaF+7sfgPeQ==}
    engines: {node: '>=14.17'}
    hasBin: true
    dev: false

  /undici-types@6.21.0:
    resolution: {integrity: sha512-iwDZqg0QAGrg9Rav5H4n0M64c3mkR59cJ6wQp+7C4nI0gsmExaedaYLNO44eT4AtBBwjbTiGPMlt2Md0T9H9JQ==}
    dev: false
