# THIS IS AN AUTOGENERATED FILE. DO NOT EDIT THIS FILE DIRECTLY.
# yarn lockfile v1


"@babel/code-frame@^7.0.0", "@babel/code-frame@^7.5.5":
  version "7.5.5"
  resolved "https://registry.yarnpkg.com/@babel/code-frame/-/code-frame-7.5.5.tgz#bc0782f6d69f7b7d49531219699b988f669a8f9d"
  integrity sha512-27d4lZoomVyo51VegxI20xZPuSHusqbQag/ztrBC7wegWoQ1nLREPVSKSW8byhTlzTKyNE4ifaTA6lCp7JjpFw==
  dependencies:
    "@babel/highlight" "^7.0.0"

"@babel/generator@^7.0.0-beta.42", "@babel/generator@^7.7.4":
  version "7.7.4"
  resolved "https://registry.yarnpkg.com/@babel/generator/-/generator-7.7.4.tgz#db651e2840ca9aa66f327dcec1dc5f5fa9611369"
  integrity sha512-m5qo2WgdOJeyYngKImbkyQrnUN1mPceaG5BV+G0E3gWsa4l/jCSryWJdM2x8OuGAOyh+3d5pVYfZWCiNFtynxg==
  dependencies:
    "@babel/types" "^7.7.4"
    jsesc "^2.5.1"
    lodash "^4.17.13"
    source-map "^0.5.0"

"@babel/helper-function-name@^7.7.4":
  version "7.7.4"
  resolved "https://registry.yarnpkg.com/@babel/helper-function-name/-/helper-function-name-7.7.4.tgz#ab6e041e7135d436d8f0a3eca15de5b67a341a2e"
  integrity sha512-AnkGIdiBhEuiwdoMnKm7jfPfqItZhgRaZfMg1XX3bS25INOnLPjPG1Ppnajh8eqgt5kPJnfqrRHqFqmjKDZLzQ==
  dependencies:
    "@babel/helper-get-function-arity" "^7.7.4"
    "@babel/template" "^7.7.4"
    "@babel/types" "^7.7.4"

"@babel/helper-get-function-arity@^7.7.4":
  version "7.7.4"
  resolved "https://registry.yarnpkg.com/@babel/helper-get-function-arity/-/helper-get-function-arity-7.7.4.tgz#cb46348d2f8808e632f0ab048172130e636005f0"
  integrity sha512-QTGKEdCkjgzgfJ3bAyRwF4yyT3pg+vDgan8DSivq1eS0gwi+KGKE5x8kRcbeFTb/673mkO5SN1IZfmCfA5o+EA==
  dependencies:
    "@babel/types" "^7.7.4"

"@babel/helper-split-export-declaration@^7.7.4":
  version "7.7.4"
  resolved "https://registry.yarnpkg.com/@babel/helper-split-export-declaration/-/helper-split-export-declaration-7.7.4.tgz#57292af60443c4a3622cf74040ddc28e68336fd8"
  integrity sha512-guAg1SXFcVr04Guk9eq0S4/rWS++sbmyqosJzVs8+1fH5NI+ZcmkaSkc7dmtAFbHFva6yRJnjW3yAcGxjueDug==
  dependencies:
    "@babel/types" "^7.7.4"

"@babel/highlight@^7.0.0":
  version "7.5.0"
  resolved "https://registry.yarnpkg.com/@babel/highlight/-/highlight-7.5.0.tgz#56d11312bd9248fa619591d02472be6e8cb32540"
  integrity sha512-7dV4eu9gBxoM0dAnj/BCFDW9LFU0zvTrkq0ugM7pnHEgguOEeOz1so2ZghEdzviYzQEED0r4EAgpsBChKy1TRQ==
  dependencies:
    chalk "^2.0.0"
    esutils "^2.0.2"
    js-tokens "^4.0.0"

"@babel/parser@^7.7.4":
  version "7.7.4"
  resolved "https://registry.yarnpkg.com/@babel/parser/-/parser-7.7.4.tgz#75ab2d7110c2cf2fa949959afb05fa346d2231bb"
  integrity sha512-jIwvLO0zCL+O/LmEJQjWA75MQTWwx3c3u2JOTDK5D3/9egrWRRA0/0hk9XXywYnXZVVpzrBYeIQTmhwUaePI9g==

"@babel/template@^7.7.4":
  version "7.7.4"
  resolved "https://registry.yarnpkg.com/@babel/template/-/template-7.7.4.tgz#428a7d9eecffe27deac0a98e23bf8e3675d2a77b"
  integrity sha512-qUzihgVPguAzXCK7WXw8pqs6cEwi54s3E+HrejlkuWO6ivMKx9hZl3Y2fSXp9i5HgyWmj7RKP+ulaYnKM4yYxw==
  dependencies:
    "@babel/code-frame" "^7.0.0"
    "@babel/parser" "^7.7.4"
    "@babel/types" "^7.7.4"

"@babel/traverse@^7.0.0-beta.42":
  version "7.7.4"
  resolved "https://registry.yarnpkg.com/@babel/traverse/-/traverse-7.7.4.tgz#9c1e7c60fb679fe4fcfaa42500833333c2058558"
  integrity sha512-P1L58hQyupn8+ezVA2z5KBm4/Zr4lCC8dwKCMYzsa5jFMDMQAzaBNy9W5VjB+KAmBjb40U7a/H6ao+Xo+9saIw==
  dependencies:
    "@babel/code-frame" "^7.5.5"
    "@babel/generator" "^7.7.4"
    "@babel/helper-function-name" "^7.7.4"
    "@babel/helper-split-export-declaration" "^7.7.4"
    "@babel/parser" "^7.7.4"
    "@babel/types" "^7.7.4"
    debug "^4.1.0"
    globals "^11.1.0"
    lodash "^4.17.13"

"@babel/types@^7.0.0-beta.42", "@babel/types@^7.7.4":
  version "7.7.4"
  resolved "https://registry.yarnpkg.com/@babel/types/-/types-7.7.4.tgz#516570d539e44ddf308c07569c258ff94fde9193"
  integrity sha512-cz5Ji23KCi4T+YIE/BolWosrJuSmoZeN1EFnRtBwF+KKLi8GG/Z2c2hOJJeCXPk4mwk4QFvTmwIodJowXgttRA==
  dependencies:
    esutils "^2.0.2"
    lodash "^4.17.13"
    to-fast-properties "^2.0.0"

"@bazel/rollup@^0.41.0":
  version "0.41.0"
  resolved "https://registry.yarnpkg.com/@bazel/rollup/-/rollup-0.41.0.tgz#8dfaccc239f3efbae1c816b0ce2aeb6069d23582"
  integrity sha512-M+ybGfcxTXnAS1QiaijLEfUznNYLA0cqeGXnYHSRrOhq2U7yesfavxbBtfLSKtg32ktmlHts5te8Zg82BS4DPQ==

"@types/babel-generator@^6.25.1":
  version "6.25.3"
  resolved "https://registry.yarnpkg.com/@types/babel-generator/-/babel-generator-6.25.3.tgz#8f06caa12d0595a0538560abe771966d77d29286"
  integrity sha512-pGgnuxVddKcYIc+VJkRDop7gxLhqclNKBdlsm/5Vp8d+37pQkkDK7fef8d9YYImRzw9xcojEPc18pUYnbxmjqA==
  dependencies:
    "@types/babel-types" "*"

"@types/babel-traverse@^6.25.2", "@types/babel-traverse@^6.25.3":
  version "6.25.5"
  resolved "https://registry.yarnpkg.com/@types/babel-traverse/-/babel-traverse-6.25.5.tgz#6d293cf7523e48b524faa7b86dc3c488191484e5"
  integrity sha512-WrMbwmu+MWf8FiUMbmVOGkc7bHPzndUafn1CivMaBHthBBoo0VNIcYk1KV71UovYguhsNOwf3UF5oRmkkGOU3w==
  dependencies:
    "@types/babel-types" "*"

"@types/babel-types@*":
  version "7.0.7"
  resolved "https://registry.yarnpkg.com/@types/babel-types/-/babel-types-7.0.7.tgz#667eb1640e8039436028055737d2b9986ee336e3"
  integrity sha512-dBtBbrc+qTHy1WdfHYjBwRln4+LWqASWakLHsWHR2NWHIFkv4W3O070IGoGLEBrJBvct3r0L1BUPuvURi7kYUQ==

"@types/babel-types@^6.25.1":
  version "6.25.2"
  resolved "https://registry.yarnpkg.com/@types/babel-types/-/babel-types-6.25.2.tgz#5c57f45973e4f13742dbc5273dd84cffe7373a9e"
  integrity sha512-+3bMuktcY4a70a0KZc8aPJlEOArPuAKQYHU5ErjkOqGJdx8xuEEVK6nWogqigBOJ8nKPxRpyCUDTCPmZ3bUxGA==

"@types/babylon@^6.16.2":
  version "6.16.5"
  resolved "https://registry.yarnpkg.com/@types/babylon/-/babylon-6.16.5.tgz#1c5641db69eb8cdf378edd25b4be7754beeb48b4"
  integrity sha512-xH2e58elpj1X4ynnKp9qSnWlsRTIs6n3tgLGNfwAGHwePw0mulHQllV34n0T25uYSu1k0hRKkWXF890B1yS47w==
  dependencies:
    "@types/babel-types" "*"

"@types/chai-subset@^1.3.0":
  version "1.3.3"
  resolved "https://registry.yarnpkg.com/@types/chai-subset/-/chai-subset-1.3.3.tgz#97893814e92abd2c534de422cb377e0e0bdaac94"
  integrity sha512-frBecisrNGz+F4T6bcc+NLeolfiojh5FxW2klu669+8BARtyQv2C/GkNW6FUodVe4BroGMP/wER/YDGc7rEllw==
  dependencies:
    "@types/chai" "*"

"@types/chai@*":
  version "4.2.5"
  resolved "https://registry.yarnpkg.com/@types/chai/-/chai-4.2.5.tgz#f8da153ebbe30babb0adc9a528b9ad32be3175a2"
  integrity sha512-YvbLiIc0DbbhiANrfVObdkLEHJksQZVq0Uvfg550SRAKVYaEJy+V70j65BVe2WNp6E3HtKsUczeijHFCjba3og==

"@types/chalk@^0.4.30":
  version "0.4.31"
  resolved "https://registry.yarnpkg.com/@types/chalk/-/chalk-0.4.31.tgz#a31d74241a6b1edbb973cf36d97a2896834a51f9"
  integrity sha1-ox10JBprHtu5c8822XooloNKUfk=

"@types/clone@^0.1.29", "@types/clone@^0.1.30":
  version "0.1.30"
  resolved "https://registry.yarnpkg.com/@types/clone/-/clone-0.1.30.tgz#e7365648c1b42136a59c7d5040637b3b5c83b614"
  integrity sha1-5zZWSMG0ITalnH1QQGN7O1yDthQ=

"@types/cssbeautify@^0.3.1":
  version "0.3.1"
  resolved "https://registry.yarnpkg.com/@types/cssbeautify/-/cssbeautify-0.3.1.tgz#8e0bee8f7decb952250da0caebe05e30591c17ef"
  integrity sha1-jgvuj33suVIlDaDK6+BeMFkcF+8=

"@types/doctrine@^0.0.1":
  version "0.0.1"
  resolved "https://registry.yarnpkg.com/@types/doctrine/-/doctrine-0.0.1.tgz#b999f2d9f7b43cabe0a1a2f39bc203bc7dcada9d"
  integrity sha1-uZny2fe0PKvgoaLzm8IDvH3K2p0=

"@types/estree@*":
  version "0.0.39"
  resolved "https://registry.yarnpkg.com/@types/estree/-/estree-0.0.39.tgz#e177e699ee1b8c22d23174caaa7422644389509f"
  integrity sha512-EYNwp3bU+98cpU4lAWYYL7Zz+2gryWH1qbdDTidVd6hkiR6weksdbMadyXKXNPEkQFhXM+hVO9ZygomHXp+AIw==

"@types/is-windows@^0.2.0":
  version "0.2.0"
  resolved "https://registry.yarnpkg.com/@types/is-windows/-/is-windows-0.2.0.tgz#6f24ee48731d31168ea510610d6dd15e5fc9c6ff"
  integrity sha1-byTuSHMdMRaOpRBhDW3RXl/Jxv8=

"@types/minimatch@^3.0.1":
  version "3.0.3"
  resolved "https://registry.yarnpkg.com/@types/minimatch/-/minimatch-3.0.3.tgz#3dca0e3f33b200fc7d1139c0cd96c1268cadfd9d"
  integrity sha512-tHq6qdbT9U1IRSGf14CL0pUlULksvY9OZ+5eEgl1N7t+OA3tGvNpxJCzuKQlsNgCVwbAs670L1vcVQi8j9HjnA==

"@types/node@*":
  version "12.12.12"
  resolved "https://registry.yarnpkg.com/@types/node/-/node-12.12.12.tgz#529bc3e73dbb35dd9e90b0a1c83606a9d3264bdb"
  integrity sha512-MGuvYJrPU0HUwqF7LqvIj50RZUX23Z+m583KBygKYUZLlZ88n6w28XRNJRJgsHukLEnLz6w6SvxZoLgbr5wLqQ==

"@types/node@6.0.*":
  version "6.0.118"
  resolved "https://registry.yarnpkg.com/@types/node/-/node-6.0.118.tgz#8014a9b1dee0b72b4d7cd142563f1af21241c3a2"
  integrity sha512-N33cKXGSqhOYaPiT4xUGsYlPPDwFtQM/6QxJxuMXA/7BcySW+lkn2yigWP7vfs4daiL/7NJNU6DMCqg5N4B+xQ==

"@types/node@^4.0.30":
  version "4.9.4"
  resolved "https://registry.yarnpkg.com/@types/node/-/node-4.9.4.tgz#75ef91733afaa856b01e12da6ecf48aa9d5e221f"
  integrity sha512-nKoiCZ87x6+fs26bNHjy07AQt6f46nFEitGH0P9JmWbY6tEyum6LLfLf7SIsKFh4DnBWsyUM2gYhaQAt+aA0Sw==

"@types/parse5@^0.0.31":
  version "0.0.31"
  resolved "https://registry.yarnpkg.com/@types/parse5/-/parse5-0.0.31.tgz#e827a493a443b156e1b582a2e4c3bdc0040f2ee7"
  integrity sha1-6Cekk6RDsVbhtYKi5MO9wAQPLuc=
  dependencies:
    "@types/node" "6.0.*"

"@types/parse5@^2.2.34":
  version "2.2.34"
  resolved "https://registry.yarnpkg.com/@types/parse5/-/parse5-2.2.34.tgz#e3870a10e82735a720f62d71dcd183ba78ef3a9d"
  integrity sha1-44cKEOgnNacg9i1x3NGDunjvOp0=
  dependencies:
    "@types/node" "*"

"@types/path-is-inside@^1.0.0":
  version "1.0.0"
  resolved "https://registry.yarnpkg.com/@types/path-is-inside/-/path-is-inside-1.0.0.tgz#02d6ff38975d684bdec96204494baf9f29f0e17f"
  integrity sha512-hfnXRGugz+McgX2jxyy5qz9sB21LRzlGn24zlwN2KEgoPtEvjzNRrLtUkOOebPDPZl3Rq7ywKxYvylVcEZDnEw==

"@types/resolve@0.0.6":
  version "0.0.6"
  resolved "https://registry.yarnpkg.com/@types/resolve/-/resolve-0.0.6.tgz#0bd2f236c2e1cebb98b79885df57edd71a8d770e"
  integrity sha512-g+Rg8uMWY76oYTyaL+m7ZcblqF/oj7pE6uEUyACluJx4zcop1Lk14qQiocdEkEVMDFm6DmKpxJhsER+ZuTwG3g==
  dependencies:
    "@types/node" "*"

"@types/resolve@0.0.8":
  version "0.0.8"
  resolved "https://registry.yarnpkg.com/@types/resolve/-/resolve-0.0.8.tgz#f26074d238e02659e323ce1a13d041eee280e194"
  integrity sha512-auApPaJf3NPfe18hSoJkp8EbZzer2ISk7o8mCC3M9he/a04+gbMF97NkpD2S8riMGvm4BMRI59/SZQSaLTKpsQ==
  dependencies:
    "@types/node" "*"

"@types/whatwg-url@^6.4.0":
  version "6.4.0"
  resolved "https://registry.yarnpkg.com/@types/whatwg-url/-/whatwg-url-6.4.0.tgz#1e59b8c64bc0dbdf66d037cf8449d1c3d5270237"
  integrity sha512-tonhlcbQ2eho09am6RHnHOgvtDfDYINd5rgxD+2YSkKENooVCFsWizJz139MQW/PV8FfClyKrNe9ZbdHrSCxGg==
  dependencies:
    "@types/node" "*"

acorn-jsx@^3.0.0:
  version "3.0.1"
  resolved "https://registry.yarnpkg.com/acorn-jsx/-/acorn-jsx-3.0.1.tgz#afdf9488fb1ecefc8348f6fb22f464e32a58b36b"
  integrity sha1-r9+UiPsezvyDSPb7IvRk4ypYs2s=
  dependencies:
    acorn "^3.0.4"

acorn@^3.0.4:
  version "3.3.0"
  resolved "https://registry.yarnpkg.com/acorn/-/acorn-3.3.0.tgz#45e37fb39e8da3f25baee3ff5369e2bb5f22017a"
  integrity sha1-ReN/s56No/JbruP/U2niu18iAXo=

acorn@^5.5.0:
  version "5.7.3"
  resolved "https://registry.yarnpkg.com/acorn/-/acorn-5.7.3.tgz#67aa231bf8812974b85235a96771eb6bd07ea279"
  integrity sha512-T/zvzYRfbVojPWahDsE5evJdHb3oJoQfFbsrKM7w5Zcs++Tr257tia3BmMP8XYVjp1S9RZXQMh7gao96BlqZOw==

acorn@^7.1.0:
  version "7.1.0"
  resolved "https://registry.yarnpkg.com/acorn/-/acorn-7.1.0.tgz#949d36f2c292535da602283586c2477c57eb2d6c"
  integrity sha512-kL5CuoXA/dgxlBbVrflsflzQ3PAas7RYZB52NOm/6839iVYJgKMJ3cQJD+t2i5+qFa8h3MDpEOJiS64E8JLnSQ==

ansi-escape-sequences@^3.0.0:
  version "3.0.0"
  resolved "https://registry.yarnpkg.com/ansi-escape-sequences/-/ansi-escape-sequences-3.0.0.tgz#1c18394b6af9b76ff9a63509fa497669fd2ce53e"
  integrity sha1-HBg5S2r5t2/5pjUJ+kl2af0s5T4=
  dependencies:
    array-back "^1.0.3"

ansi-regex@^2.0.0:
  version "2.1.1"
  resolved "https://registry.yarnpkg.com/ansi-regex/-/ansi-regex-2.1.1.tgz#c3b33ab5ee360d86e0e628f0468ae7ef27d654df"
  integrity sha1-w7M6te42DYbg5ijwRorn7yfWVN8=

ansi-styles@^2.2.1:
  version "2.2.1"
  resolved "https://registry.yarnpkg.com/ansi-styles/-/ansi-styles-2.2.1.tgz#b432dd3358b634cf75e1e4664368240533c1ddbe"
  integrity sha1-tDLdM1i2NM914eRmQ2gkBTPB3b4=

ansi-styles@^3.2.1:
  version "3.2.1"
  resolved "https://registry.yarnpkg.com/ansi-styles/-/ansi-styles-3.2.1.tgz#41fbb20243e50b12be0f04b8dedbf07520ce841d"
  integrity sha512-VT0ZI6kZRdTh8YyJw3SMbYm/u+NqfsAxEpWO0Pf9sq8/e94WxxOpPKx9FR1FlyCtOVDNOQ+8ntlqFxiRc+r5qA==
  dependencies:
    color-convert "^1.9.0"

array-back@^1.0.3, array-back@^1.0.4:
  version "1.0.4"
  resolved "https://registry.yarnpkg.com/array-back/-/array-back-1.0.4.tgz#644ba7f095f7ffcf7c43b5f0dc39d3c1f03c063b"
  integrity sha1-ZEun8JX3/898Q7Xw3DnTwfA8Bjs=
  dependencies:
    typical "^2.6.0"

array-back@^2.0.0:
  version "2.0.0"
  resolved "https://registry.yarnpkg.com/array-back/-/array-back-2.0.0.tgz#6877471d51ecc9c9bfa6136fb6c7d5fe69748022"
  integrity sha512-eJv4pLLufP3g5kcZry0j6WXpIbzYw9GUB4mVJZno9wfwiBxbizTnHCw3VJb07cBihbFX48Y7oSrW9y+gt4glyw==
  dependencies:
    typical "^2.6.1"

array-back@^3.0.1:
  version "3.1.0"
  resolved "https://registry.yarnpkg.com/array-back/-/array-back-3.1.0.tgz#b8859d7a508871c9a7b2cf42f99428f65e96bfb0"
  integrity sha512-TkuxA4UCOvxuDK6NZYXCalszEzj+TLszyASooky+i742l9TqsOdYCMJJupxRic61hwquNtppB3hgcuq9SVSH1Q==

babel-code-frame@^6.26.0:
  version "6.26.0"
  resolved "https://registry.yarnpkg.com/babel-code-frame/-/babel-code-frame-6.26.0.tgz#63fd43f7dc1e3bb7ce35947db8fe369a3f58c74b"
  integrity sha1-Y/1D99weO7fONZR9uP42mj9Yx0s=
  dependencies:
    chalk "^1.1.3"
    esutils "^2.0.2"
    js-tokens "^3.0.2"

babel-generator@^6.26.1:
  version "6.26.1"
  resolved "https://registry.yarnpkg.com/babel-generator/-/babel-generator-6.26.1.tgz#1844408d3b8f0d35a404ea7ac180f087a601bd90"
  integrity sha512-HyfwY6ApZj7BYTcJURpM5tznulaBvyio7/0d4zFOeMPUmfxkCjHocCuoLa2SAGzBI8AREcH3eP3758F672DppA==
  dependencies:
    babel-messages "^6.23.0"
    babel-runtime "^6.26.0"
    babel-types "^6.26.0"
    detect-indent "^4.0.0"
    jsesc "^1.3.0"
    lodash "^4.17.4"
    source-map "^0.5.7"
    trim-right "^1.0.1"

babel-messages@^6.23.0:
  version "6.23.0"
  resolved "https://registry.yarnpkg.com/babel-messages/-/babel-messages-6.23.0.tgz#f3cdf4703858035b2a2951c6ec5edf6c62f2630e"
  integrity sha1-8830cDhYA1sqKVHG7F7fbGLyYw4=
  dependencies:
    babel-runtime "^6.22.0"

babel-runtime@^6.22.0, babel-runtime@^6.26.0:
  version "6.26.0"
  resolved "https://registry.yarnpkg.com/babel-runtime/-/babel-runtime-6.26.0.tgz#965c7058668e82b55d7bfe04ff2337bc8b5647fe"
  integrity sha1-llxwWGaOgrVde/4E/yM3vItWR/4=
  dependencies:
    core-js "^2.4.0"
    regenerator-runtime "^0.11.0"

babel-traverse@^6.26.0:
  version "6.26.0"
  resolved "https://registry.yarnpkg.com/babel-traverse/-/babel-traverse-6.26.0.tgz#46a9cbd7edcc62c8e5c064e2d2d8d0f4035766ee"
  integrity sha1-RqnL1+3MYsjlwGTi0tjQ9ANXZu4=
  dependencies:
    babel-code-frame "^6.26.0"
    babel-messages "^6.23.0"
    babel-runtime "^6.26.0"
    babel-types "^6.26.0"
    babylon "^6.18.0"
    debug "^2.6.8"
    globals "^9.18.0"
    invariant "^2.2.2"
    lodash "^4.17.4"

babel-types@^6.26.0:
  version "6.26.0"
  resolved "https://registry.yarnpkg.com/babel-types/-/babel-types-6.26.0.tgz#a3b073f94ab49eb6fa55cd65227a334380632497"
  integrity sha1-o7Bz+Uq0nrb6Vc1lInozQ4BjJJc=
  dependencies:
    babel-runtime "^6.26.0"
    esutils "^2.0.2"
    lodash "^4.17.4"
    to-fast-properties "^1.0.3"

babylon@^6.18.0:
  version "6.18.0"
  resolved "https://registry.yarnpkg.com/babylon/-/babylon-6.18.0.tgz#af2f3b88fa6f5c1e4c634d1a0f8eac4f55b395e3"
  integrity sha512-q/UEjfGJ2Cm3oKV71DJz9d25TPnq5rhBVL2Q4fA5wcC3jcrdn7+SssEybFIxwAvvP+YCsCYNKughoF33GxgycQ==

babylon@^7.0.0-beta.42:
  version "7.0.0-beta.47"
  resolved "https://registry.yarnpkg.com/babylon/-/babylon-7.0.0-beta.47.tgz#6d1fa44f0abec41ab7c780481e62fd9aafbdea80"
  integrity sha512-+rq2cr4GDhtToEzKFD6KZZMDBXhjFAr9JjPw9pAppZACeEWqNM294j+NdBzkSHYXwzzBmVjZ3nEVJlOhbR2gOQ==

balanced-match@^1.0.0:
  version "1.0.0"
  resolved "https://registry.yarnpkg.com/balanced-match/-/balanced-match-1.0.0.tgz#89b4d199ab2bee49de164ea02b89ce462d71b767"
  integrity sha1-ibTRmasr7kneFk6gK4nORi1xt2c=

brace-expansion@^1.1.7:
  version "1.1.11"
  resolved "https://registry.yarnpkg.com/brace-expansion/-/brace-expansion-1.1.11.tgz#3c7fcbf529d87226f3d2f52b966ff5271eb441dd"
  integrity sha512-iCuPHDFgrHX7H2vEI/5xpz07zSHB00TpugqhmYtVmMO6518mCuRMoOYFldEBl0g187ufozdaHgWKcYFb61qGiA==
  dependencies:
    balanced-match "^1.0.0"
    concat-map "0.0.1"

builtin-modules@^3.1.0:
  version "3.1.0"
  resolved "https://registry.yarnpkg.com/builtin-modules/-/builtin-modules-3.1.0.tgz#aad97c15131eb76b65b50ef208e7584cd76a7484"
  integrity sha512-k0KL0aWZuBt2lrxrcASWDfwOLMnodeQjodT/1SxEQAXsHANgo6ZC/VEaSEHCXt7aSTZ4/4H5LKa+tBXmW7Vtvw==

cancel-token@^0.1.1:
  version "0.1.1"
  resolved "https://registry.yarnpkg.com/cancel-token/-/cancel-token-0.1.1.tgz#c18197674bb1c84c1d6933ebf15d8d5a5ce79b4f"
  integrity sha1-wYGXZ0uxyEwdaTPr8V2NWlznm08=
  dependencies:
    "@types/node" "^4.0.30"

chalk@^1.1.3:
  version "1.1.3"
  resolved "https://registry.yarnpkg.com/chalk/-/chalk-1.1.3.tgz#a8115c55e4a702fe4d150abd3872822a7e09fc98"
  integrity sha1-qBFcVeSnAv5NFQq9OHKCKn4J/Jg=
  dependencies:
    ansi-styles "^2.2.1"
    escape-string-regexp "^1.0.2"
    has-ansi "^2.0.0"
    strip-ansi "^3.0.0"
    supports-color "^2.0.0"

chalk@^2.0.0, chalk@^2.4.1:
  version "2.4.2"
  resolved "https://registry.yarnpkg.com/chalk/-/chalk-2.4.2.tgz#cd42541677a54333cf541a49108c1432b44c9424"
  integrity sha512-Mti+f9lpJNcwF4tWV8/OrTTtF1gZi+f8FqlyAdouralcFWFQWF2+NgCHShjkCb+IFBLq9buZwE1xckQU4peSuQ==
  dependencies:
    ansi-styles "^3.2.1"
    escape-string-regexp "^1.0.5"
    supports-color "^5.3.0"

clone@^1.0.2:
  version "1.0.4"
  resolved "https://registry.yarnpkg.com/clone/-/clone-1.0.4.tgz#da309cc263df15994c688ca902179ca3c7cd7c7e"
  integrity sha1-2jCcwmPfFZlMaIypAheco8fNfH4=

clone@^2.0.0, clone@^2.1.0:
  version "2.1.2"
  resolved "https://registry.yarnpkg.com/clone/-/clone-2.1.2.tgz#1b7f4b9f591f1e8f83670401600345a02887435f"
  integrity sha1-G39Ln1kfHo+DZwQBYANFoCiHQ18=

color-convert@^1.9.0:
  version "1.9.3"
  resolved "https://registry.yarnpkg.com/color-convert/-/color-convert-1.9.3.tgz#bb71850690e1f136567de629d2d5471deda4c1e8"
  integrity sha512-QfAUtd+vFdAtFQcC8CCyYt1fYWxSqAiK2cSD6zDB8N3cpsEBAvRxp9zOGg6G/SHHJYAT88/az/IuDGALsNVbGg==
  dependencies:
    color-name "1.1.3"

color-name@1.1.3:
  version "1.1.3"
  resolved "https://registry.yarnpkg.com/color-name/-/color-name-1.1.3.tgz#a7d0558bd89c42f795dd42328f740831ca53bc25"
  integrity sha1-p9BVi9icQveV3UIyj3QIMcpTvCU=

command-line-args@^3.0.1:
  version "3.0.5"
  resolved "https://registry.yarnpkg.com/command-line-args/-/command-line-args-3.0.5.tgz#5bd4ad45e7983e5c1344918e40280ee2693c5ac0"
  integrity sha1-W9StReeYPlwTRJGOQCgO4mk8WsA=
  dependencies:
    array-back "^1.0.4"
    feature-detect-es6 "^1.3.1"
    find-replace "^1.0.2"
    typical "^2.6.0"

command-line-args@^5.0.2:
  version "5.1.1"
  resolved "https://registry.yarnpkg.com/command-line-args/-/command-line-args-5.1.1.tgz#88e793e5bb3ceb30754a86863f0401ac92fd369a"
  integrity sha512-hL/eG8lrll1Qy1ezvkant+trihbGnaKaeEjj6Scyr3DN+RC7iQ5Rz84IeLERfAWDGo0HBSNAakczwgCilDXnWg==
  dependencies:
    array-back "^3.0.1"
    find-replace "^3.0.0"
    lodash.camelcase "^4.3.0"
    typical "^4.0.0"

command-line-usage@^3.0.8:
  version "3.0.8"
  resolved "https://registry.yarnpkg.com/command-line-usage/-/command-line-usage-3.0.8.tgz#b6a20978c1b383477f5c11a529428b880bfe0f4d"
  integrity sha1-tqIJeMGzg0d/XBGlKUKLiAv+D00=
  dependencies:
    ansi-escape-sequences "^3.0.0"
    array-back "^1.0.3"
    feature-detect-es6 "^1.3.1"
    table-layout "^0.3.0"
    typical "^2.6.0"

command-line-usage@^5.0.5:
  version "5.0.5"
  resolved "https://registry.yarnpkg.com/command-line-usage/-/command-line-usage-5.0.5.tgz#5f25933ffe6dedd983c635d38a21d7e623fda357"
  integrity sha512-d8NrGylA5oCXSbGoKz05FkehDAzSmIm4K03S5VDh4d5lZAtTWfc3D1RuETtuQCn8129nYfJfDdF7P/lwcz1BlA==
  dependencies:
    array-back "^2.0.0"
    chalk "^2.4.1"
    table-layout "^0.4.3"
    typical "^2.6.1"

concat-map@0.0.1:
  version "0.0.1"
  resolved "https://registry.yarnpkg.com/concat-map/-/concat-map-0.0.1.tgz#d8a96bd77fd68df7793a73036a3ba0d5405d477b"
  integrity sha1-2Klr13/Wjfd5OnMDajug1UBdR3s=

core-js@^2.4.0, core-js@^2.4.1:
  version "2.6.10"
  resolved "https://registry.yarnpkg.com/core-js/-/core-js-2.6.10.tgz#8a5b8391f8cc7013da703411ce5b585706300d7f"
  integrity sha512-I39t74+4t+zau64EN1fE5v2W31Adtc/REhzWN+gWRRXg6WH5qAsZm62DHpQ1+Yhe4047T55jvzz7MUqF/dBBlA==

crisper@^2.1.1:
  version "2.1.1"
  resolved "https://registry.yarnpkg.com/crisper/-/crisper-2.1.1.tgz#4cc7321c3e90f3c5cbdc3503217f118fd7d5c51c"
  integrity sha512-yxfj9nTbFunDASztAxVF8hCPwaZBvTjayNzG3YL/VVQfQaKBXX2+TM3p1xB1Pxd8RYeDQJkJIQRwM3FQSIa+pw==
  dependencies:
    command-line-args "^3.0.1"
    command-line-usage "^3.0.8"
    dom5 "^1.0.1"

cssbeautify@^0.3.1:
  version "0.3.1"
  resolved "https://registry.yarnpkg.com/cssbeautify/-/cssbeautify-0.3.1.tgz#12dd1f734035c2e6faca67dcbdcef74e42811397"
  integrity sha1-Et0fc0A1wub6ymfcvc73TkKBE5c=

debug@^2.6.8:
  version "2.6.9"
  resolved "https://registry.yarnpkg.com/debug/-/debug-2.6.9.tgz#5d128515df134ff327e90a4c93f4e077a536341f"
  integrity sha512-bC7ElrdJaJnPbAP+1EotYvqZsb3ecl5wi6Bfi6BJTUcNowp6cvspg0jXznRTKDjm/E7AdgFBVeAPVMNcKGsHMA==
  dependencies:
    ms "2.0.0"

debug@^4.1.0:
  version "4.1.1"
  resolved "https://registry.yarnpkg.com/debug/-/debug-4.1.1.tgz#3b72260255109c6b589cee050f1d516139664791"
  integrity sha512-pYAIzeRo8J6KPEaJ0VWOh5Pzkbw/RetuzehGM7QRRX5he4fPHx2rdKMB256ehJCkX+XRQm16eZLqLNS8RSZXZw==
  dependencies:
    ms "^2.1.1"

deep-extend@~0.4.1:
  version "0.4.2"
  resolved "https://registry.yarnpkg.com/deep-extend/-/deep-extend-0.4.2.tgz#48b699c27e334bf89f10892be432f6e4c7d34a7f"
  integrity sha1-SLaZwn4zS/ifEIkr5DL25MfTSn8=

deep-extend@~0.6.0:
  version "0.6.0"
  resolved "https://registry.yarnpkg.com/deep-extend/-/deep-extend-0.6.0.tgz#c4fa7c95404a17a9c3e8ca7e1537312b736330ac"
  integrity sha512-LOHxIOaPYdHlJRtCQfDIVZtfw/ufM8+rVj649RIHzcm/vGwQRXFt6OPqIFWsm2XEMrNIEtWR64sY1LEKD2vAOA==

detect-indent@^4.0.0:
  version "4.0.0"
  resolved "https://registry.yarnpkg.com/detect-indent/-/detect-indent-4.0.0.tgz#f76d064352cdf43a1cb6ce619c4ee3a9475de208"
  integrity sha1-920GQ1LN9Docts5hnE7jqUdd4gg=
  dependencies:
    repeating "^2.0.0"

doctrine@^2.0.2:
  version "2.1.0"
  resolved "https://registry.yarnpkg.com/doctrine/-/doctrine-2.1.0.tgz#5cd01fc101621b42c4cd7f5d1a66243716d3f39d"
  integrity sha512-35mSku4ZXK0vfCuHEDAwt55dg2jNajHZ1odvF+8SSr82EsZY4QmXfuWso8oEd8zRhVObSN18aM0CjSdoBX7zIw==
  dependencies:
    esutils "^2.0.2"

dom5@^1.0.1:
  version "1.3.6"
  resolved "https://registry.yarnpkg.com/dom5/-/dom5-1.3.6.tgz#a7088a9fc5f3b08dc9f6eda4c7abaeb241945e0d"
  integrity sha1-pwiKn8XzsI3J9u2kx6uuskGUXg0=
  dependencies:
    "@types/clone" "^0.1.29"
    "@types/node" "^4.0.30"
    "@types/parse5" "^0.0.31"
    clone "^1.0.2"
    parse5 "^1.4.1"

dom5@^3.0.0, dom5@^3.0.1:
  version "3.0.1"
  resolved "https://registry.yarnpkg.com/dom5/-/dom5-3.0.1.tgz#cdfc7331f376e284bf379e6ea054afc136702944"
  integrity sha512-JPFiouQIr16VQ4dX6i0+Hpbg3H2bMKPmZ+WZgBOSSvOPx9QHwwY8sPzeM2baUtViESYto6wC2nuZOMC/6gulcA==
  dependencies:
    "@types/parse5" "^2.2.34"
    clone "^2.1.0"
    parse5 "^4.0.0"

escape-string-regexp@^1.0.2, escape-string-regexp@^1.0.5:
  version "1.0.5"
  resolved "https://registry.yarnpkg.com/escape-string-regexp/-/escape-string-regexp-1.0.5.tgz#1b61c0562190a8dff6ae3bb2cf0200ca130b86d4"
  integrity sha1-G2HAViGQqN/2rjuyzwIAyhMLhtQ=

espree@^3.5.2:
  version "3.5.4"
  resolved "https://registry.yarnpkg.com/espree/-/espree-3.5.4.tgz#b0f447187c8a8bed944b815a660bddf5deb5d1a7"
  integrity sha512-yAcIQxtmMiB/jL32dzEp2enBeidsB7xWPLNiw3IIkpVds1P+h7qF9YwJq1yUNzp2OKXgAprs4F61ih66UsoD1A==
  dependencies:
    acorn "^5.5.0"
    acorn-jsx "^3.0.0"

estree-walker@^0.6.1:
  version "0.6.1"
  resolved "https://registry.yarnpkg.com/estree-walker/-/estree-walker-0.6.1.tgz#53049143f40c6eb918b23671d1fe3219f3a1b362"
  integrity sha512-SqmZANLWS0mnatqbSfRP5g8OXZC12Fgg1IwNtLsyHDzJizORW4khDfjPqJZsemPWBB2uqykUah5YpQ6epsqC/w==

esutils@^2.0.2:
  version "2.0.3"
  resolved "https://registry.yarnpkg.com/esutils/-/esutils-2.0.3.tgz#74d2eb4de0b8da1293711910d50775b9b710ef64"
  integrity sha512-kVscqXk4OCp68SZ0dkgEKVi6/8ij300KBWTJq32P/dYeWTSwK41WyTxalN1eRmA5Z9UU/LX9D7FWSmV9SAYx6g==

feature-detect-es6@^1.3.1:
  version "1.5.0"
  resolved "https://registry.yarnpkg.com/feature-detect-es6/-/feature-detect-es6-1.5.0.tgz#a69bb7662c65f64f89f07eac5a461b649a1e0a00"
  integrity sha512-DzWPIGzTnfp3/KK1d/YPfmgLqeDju9F2DQYBL35VusgSApcA7XGqVtXfR4ETOOFEzdFJ3J7zh0Gkk011TiA4uQ==
  dependencies:
    array-back "^1.0.4"

find-replace@^1.0.2:
  version "1.0.3"
  resolved "https://registry.yarnpkg.com/find-replace/-/find-replace-1.0.3.tgz#b88e7364d2d9c959559f388c66670d6130441fa0"
  integrity sha1-uI5zZNLZyVlVnziMZmcNYTBEH6A=
  dependencies:
    array-back "^1.0.4"
    test-value "^2.1.0"

find-replace@^3.0.0:
  version "3.0.0"
  resolved "https://registry.yarnpkg.com/find-replace/-/find-replace-3.0.0.tgz#3e7e23d3b05167a76f770c9fbd5258b0def68c38"
  integrity sha512-6Tb2myMioCAgv5kfvP5/PkZZ/ntTpVK39fHY7WkWBgvbeE+VHd/tZuZ4mrC+bxh4cfOZeYKVPaJIZtZXV7GNCQ==
  dependencies:
    array-back "^3.0.1"

globals@^11.1.0:
  version "11.12.0"
  resolved "https://registry.yarnpkg.com/globals/-/globals-11.12.0.tgz#ab8795338868a0babd8525758018c2a7eb95c42e"
  integrity sha512-WOBp/EEGUiIsJSp7wcv/y6MO+lV9UoncWqxuFfm8eBwzWNgyfBd6Gz+IeKQ9jCmyhoH99g15M3T+QaVHFjizVA==

globals@^9.18.0:
  version "9.18.0"
  resolved "https://registry.yarnpkg.com/globals/-/globals-9.18.0.tgz#aa3896b3e69b487f17e31ed2143d69a8e30c2d8a"
  integrity sha512-S0nG3CLEQiY/ILxqtztTWH/3iRRdyBLw6KMDxnKMchrtbj2OFmehVh0WUCfW3DUrIgx/qFrJPICrq4Z4sTR9UQ==

has-ansi@^2.0.0:
  version "2.0.0"
  resolved "https://registry.yarnpkg.com/has-ansi/-/has-ansi-2.0.0.tgz#34f5049ce1ecdf2b0649af3ef24e45ed35416d91"
  integrity sha1-NPUEnOHs3ysGSa8+8k5F7TVBbZE=
  dependencies:
    ansi-regex "^2.0.0"

has-flag@^3.0.0:
  version "3.0.0"
  resolved "https://registry.yarnpkg.com/has-flag/-/has-flag-3.0.0.tgz#b5d454dc2199ae225699f3467e5a07f3b955bafd"
  integrity sha1-tdRU3CGZriJWmfNGfloH87lVuv0=

indent@0.0.2:
  version "0.0.2"
  resolved "https://registry.yarnpkg.com/indent/-/indent-0.0.2.tgz#8c79f080190559b687034b84c7aefa97d5a911d9"
  integrity sha1-jHnwgBkFWbaHA0uEx676l9WpEdk=

invariant@^2.2.2:
  version "2.2.4"
  resolved "https://registry.yarnpkg.com/invariant/-/invariant-2.2.4.tgz#610f3c92c9359ce1db616e538008d23ff35158e6"
  integrity sha512-phJfQVBuaJM5raOpJjSfkiD6BpbCE4Ns//LaXl6wGYtUBY83nWS6Rf9tXm2e8VaK60JEjYldbPif/A2B1C2gNA==
  dependencies:
    loose-envify "^1.0.0"

is-finite@^1.0.0:
  version "1.0.2"
  resolved "https://registry.yarnpkg.com/is-finite/-/is-finite-1.0.2.tgz#cc6677695602be550ef11e8b4aa6305342b6d0aa"
  integrity sha1-zGZ3aVYCvlUO8R6LSqYwU0K20Ko=
  dependencies:
    number-is-nan "^1.0.0"

is-module@^1.0.0:
  version "1.0.0"
  resolved "https://registry.yarnpkg.com/is-module/-/is-module-1.0.0.tgz#3258fb69f78c14d5b815d664336b4cffb6441591"
  integrity sha1-Mlj7afeMFNW4FdZkM2tM/7ZEFZE=

is-windows@^1.0.2:
  version "1.0.2"
  resolved "https://registry.yarnpkg.com/is-windows/-/is-windows-1.0.2.tgz#d1850eb9791ecd18e6182ce12a30f396634bb19d"
  integrity sha512-eXK1UInq2bPmjyX6e3VHIzMLobc4J94i4AWn+Hpq3OU5KkrRC96OAcR3PRJ/pGu6m8TRnBHP9dkXQVsT/COVIA==

"js-tokens@^3.0.0 || ^4.0.0", js-tokens@^4.0.0:
  version "4.0.0"
  resolved "https://registry.yarnpkg.com/js-tokens/-/js-tokens-4.0.0.tgz#19203fb59991df98e3a287050d4647cdeaf32499"
  integrity sha512-RdJUflcE3cUzKiMqQgsCu06FPu9UdIJO0beYbPhHN4k6apgJtifcoCtT9bcxOpYBtpD2kCM6Sbzg4CausW/PKQ==

js-tokens@^3.0.2:
  version "3.0.2"
  resolved "https://registry.yarnpkg.com/js-tokens/-/js-tokens-3.0.2.tgz#9866df395102130e38f7f996bceb65443209c25b"
  integrity sha1-mGbfOVECEw449/mWvOtlRDIJwls=

jsesc@^1.3.0:
  version "1.3.0"
  resolved "https://registry.yarnpkg.com/jsesc/-/jsesc-1.3.0.tgz#46c3fec8c1892b12b0833db9bc7622176dbab34b"
  integrity sha1-RsP+yMGJKxKwgz25vHYiF226s0s=

jsesc@^2.5.1:
  version "2.5.2"
  resolved "https://registry.yarnpkg.com/jsesc/-/jsesc-2.5.2.tgz#80564d2e483dacf6e8ef209650a67df3f0c283a4"
  integrity sha512-OYu7XEzjkCQ3C5Ps3QIZsQfNpqoJyZZA99wd9aWd05NCtC5pWOkShK2mkL6HXQR6/Cy2lbNdPlZBpuQHXE63gA==

jsonschema@^1.1.0:
  version "1.2.4"
  resolved "https://registry.yarnpkg.com/jsonschema/-/jsonschema-1.2.4.tgz#a46bac5d3506a254465bc548876e267c6d0d6464"
  integrity sha512-lz1nOH69GbsVHeVgEdvyavc/33oymY1AZwtePMiMj4HZPMbP5OIKK3zT9INMWjwua/V4Z4yq7wSlBbSG+g4AEw==

lodash.camelcase@^4.3.0:
  version "4.3.0"
  resolved "https://registry.yarnpkg.com/lodash.camelcase/-/lodash.camelcase-4.3.0.tgz#b28aa6288a2b9fc651035c7711f65ab6190331a6"
  integrity sha1-soqmKIorn8ZRA1x3EfZathkDMaY=

lodash.padend@^4.6.1:
  version "4.6.1"
  resolved "https://registry.yarnpkg.com/lodash.padend/-/lodash.padend-4.6.1.tgz#53ccba047d06e158d311f45da625f4e49e6f166e"
  integrity sha1-U8y6BH0G4VjTEfRdpiX05J5vFm4=

lodash.sortby@^4.7.0:
  version "4.7.0"
  resolved "https://registry.yarnpkg.com/lodash.sortby/-/lodash.sortby-4.7.0.tgz#edd14c824e2cc9c1e0b0a1b42bb5210516a42438"
  integrity sha1-7dFMgk4sycHgsKG0K7UhBRakJDg=

lodash@^4.17.13, lodash@^4.17.4:
  version "4.17.15"
  resolved "https://registry.yarnpkg.com/lodash/-/lodash-4.17.15.tgz#b447f6670a0455bbfeedd11392eff330ea097548"
  integrity sha512-8xOcRHvCjnocdS5cpwXQXVzmmh5e5+saE2QGoeQmbKmRS6J3VQppPOIt0MnmE+4xlZoumy0GPG0D0MVIQbNA1A==

loose-envify@^1.0.0:
  version "1.4.0"
  resolved "https://registry.yarnpkg.com/loose-envify/-/loose-envify-1.4.0.tgz#71ee51fa7be4caec1a63839f7e682d8132d30caf"
  integrity sha512-lyuxPGr/Wfhrlem2CL/UcnUc1zcqKAImBDzukY7Y5F/yQiNdko6+fRLevlw1HgMySw7f611UIY408EtxRSoK3Q==
  dependencies:
    js-tokens "^3.0.0 || ^4.0.0"

magic-string@^0.22.4:
  version "0.22.5"
  resolved "https://registry.yarnpkg.com/magic-string/-/magic-string-0.22.5.tgz#8e9cf5afddf44385c1da5bc2a6a0dbd10b03657e"
  integrity sha512-oreip9rJZkzvA8Qzk9HFs8fZGF/u7H/gtrE8EN6RjKJ9kh2HlC+yQ2QezifqTZfGyiuAV0dRv5a+y/8gBb1m9w==
  dependencies:
    vlq "^0.2.2"

minimatch@^3.0.4:
  version "3.0.4"
  resolved "https://registry.yarnpkg.com/minimatch/-/minimatch-3.0.4.tgz#5166e286457f03306064be5497e8dbb0c3d32083"
  integrity sha512-yJHVQEhyqPLUTgt9B83PXu6W3rx4MvvHvSUvToogpwoGDOUQ+yDrR0HRot+yOCdCO7u4hX3pWft6kWBBcqh0UA==
  dependencies:
    brace-expansion "^1.1.7"

minimist@0.0.8:
  version "0.0.8"
  resolved "https://registry.yarnpkg.com/minimist/-/minimist-0.0.8.tgz#857fcabfc3397d2625b8228262e86aa7a011b05d"
  integrity sha1-hX/Kv8M5fSYluCKCYuhqp6ARsF0=

mkdirp@^0.5.1:
  version "0.5.1"
  resolved "https://registry.yarnpkg.com/mkdirp/-/mkdirp-0.5.1.tgz#30057438eac6cf7f8c4767f38648d6697d75c903"
  integrity sha1-MAV0OOrGz3+MR2fzhkjWaX11yQM=
  dependencies:
    minimist "0.0.8"

ms@2.0.0:
  version "2.0.0"
  resolved "https://registry.yarnpkg.com/ms/-/ms-2.0.0.tgz#5608aeadfc00be6c2901df5f9861788de0d597c8"
  integrity sha1-VgiurfwAvmwpAd9fmGF4jeDVl8g=

ms@^2.1.1:
  version "2.1.2"
  resolved "https://registry.yarnpkg.com/ms/-/ms-2.1.2.tgz#d09d1f357b443f493382a8eb3ccd183872ae6009"
  integrity sha512-sGkPx+VjMtmA6MX27oA4FBFELFCZZ4S4XqeGOXCv68tT+jb3vk/RyaKWP0PTKyWtmLSM0b+adUTEvbs1PEaH2w==

number-is-nan@^1.0.0:
  version "1.0.1"
  resolved "https://registry.yarnpkg.com/number-is-nan/-/number-is-nan-1.0.1.tgz#097b602b53422a522c1afb8790318336941a011d"
  integrity sha1-CXtgK1NCKlIsGvuHkDGDNpQaAR0=

parse5@^1.4.1:
  version "1.5.1"
  resolved "https://registry.yarnpkg.com/parse5/-/parse5-1.5.1.tgz#9b7f3b0de32be78dc2401b17573ccaf0f6f59d94"
  integrity sha1-m387DeMr543CQBsXVzzK8Pb1nZQ=

parse5@^4.0.0:
  version "4.0.0"
  resolved "https://registry.yarnpkg.com/parse5/-/parse5-4.0.0.tgz#6d78656e3da8d78b4ec0b906f7c08ef1dfe3f608"
  integrity sha512-VrZ7eOd3T1Fk4XWNXMgiGBK/z0MG48BWG2uQNU4I72fkQuKUTZpl+u9k+CxEG0twMVzSmXEEz12z5Fnw1jIQFA==

path-is-inside@^1.0.2:
  version "1.0.2"
  resolved "https://registry.yarnpkg.com/path-is-inside/-/path-is-inside-1.0.2.tgz#365417dede44430d1c11af61027facf074bdfc53"
  integrity sha1-NlQX3t5EQw0cEa9hAn+s8HS9/FM=

path-parse@^1.0.6:
  version "1.0.6"
  resolved "https://registry.yarnpkg.com/path-parse/-/path-parse-1.0.6.tgz#d62dbb5679405d72c4737ec58600e9ddcf06d24c"
  integrity sha512-GSmOT2EbHrINBf9SR7CDELwlJ8AENk3Qn7OikK4nFYAu3Ote2+JYNVvkpAEQm3/TLNEJFD/xZJjzyxg3KBWOzw==

polymer-analyzer@^3.2.2:
  version "3.2.4"
  resolved "https://registry.yarnpkg.com/polymer-analyzer/-/polymer-analyzer-3.2.4.tgz#7d76356620a2328e8bc9e30e47069f9729260ca1"
  integrity sha512-JmxUhMajTuC18tLXbTtu2+aN2x9bTX+4MvCD4IZKJ0rtAL8jWi1iRLfogpHJB4Ig9Dc8EEEuEYipLuzPFl3vqA==
  dependencies:
    "@babel/generator" "^7.0.0-beta.42"
    "@babel/traverse" "^7.0.0-beta.42"
    "@babel/types" "^7.0.0-beta.42"
    "@types/babel-generator" "^6.25.1"
    "@types/babel-traverse" "^6.25.2"
    "@types/babel-types" "^6.25.1"
    "@types/babylon" "^6.16.2"
    "@types/chai-subset" "^1.3.0"
    "@types/chalk" "^0.4.30"
    "@types/clone" "^0.1.30"
    "@types/cssbeautify" "^0.3.1"
    "@types/doctrine" "^0.0.1"
    "@types/is-windows" "^0.2.0"
    "@types/minimatch" "^3.0.1"
    "@types/parse5" "^2.2.34"
    "@types/path-is-inside" "^1.0.0"
    "@types/resolve" "0.0.6"
    "@types/whatwg-url" "^6.4.0"
    babylon "^7.0.0-beta.42"
    cancel-token "^0.1.1"
    chalk "^1.1.3"
    clone "^2.0.0"
    cssbeautify "^0.3.1"
    doctrine "^2.0.2"
    dom5 "^3.0.0"
    indent "0.0.2"
    is-windows "^1.0.2"
    jsonschema "^1.1.0"
    minimatch "^3.0.4"
    parse5 "^4.0.0"
    path-is-inside "^1.0.2"
    resolve "^1.5.0"
    shady-css-parser "^0.1.0"
    stable "^0.1.6"
    strip-indent "^2.0.0"
    vscode-uri "=1.0.6"
    whatwg-url "^6.4.0"

polymer-bundler@^4.0.10:
  version "4.0.10"
  resolved "https://registry.yarnpkg.com/polymer-bundler/-/polymer-bundler-4.0.10.tgz#abc8d33977652f031068d034c8104841e80d4cbb"
  integrity sha512-nwlN3LQlQDqbZ2sUH3394C/dHZUDHq8tpdS5HARvPDb0Q9IXWD+znOR1cr7wSjF0EZN4LiUH5hWyUoV4QSjhpQ==
  dependencies:
    "@types/babel-generator" "^6.25.1"
    "@types/babel-traverse" "^6.25.3"
    babel-generator "^6.26.1"
    babel-traverse "^6.26.0"
    babel-types "^6.26.0"
    clone "^2.1.0"
    command-line-args "^5.0.2"
    command-line-usage "^5.0.5"
    dom5 "^3.0.0"
    espree "^3.5.2"
    magic-string "^0.22.4"
    mkdirp "^0.5.1"
    parse5 "^4.0.0"
    polymer-analyzer "^3.2.2"
    rollup "^1.3.0"
    source-map "^0.5.6"
    vscode-uri "=1.0.6"

punycode@^2.1.0:
  version "2.1.1"
  resolved "https://registry.yarnpkg.com/punycode/-/punycode-2.1.1.tgz#b58b010ac40c22c5657616c8d2c2c02c7bf479ec"
  integrity sha512-XRsRjdf+j5ml+y/6GKHPZbrF/8p2Yga0JPtdqTIY2Xe5ohJPD9saDJJLPvp9+NSBprVvevdXZybnj2cv8OEd0A==

reduce-flatten@^1.0.1:
  version "1.0.1"
  resolved "https://registry.yarnpkg.com/reduce-flatten/-/reduce-flatten-1.0.1.tgz#258c78efd153ddf93cb561237f61184f3696e327"
  integrity sha1-JYx479FT3fk8tWEjf2EYTzaW4yc=

regenerator-runtime@^0.11.0:
  version "0.11.1"
  resolved "https://registry.yarnpkg.com/regenerator-runtime/-/regenerator-runtime-0.11.1.tgz#be05ad7f9bf7d22e056f9726cee5017fbf19e2e9"
  integrity sha512-MguG95oij0fC3QV3URf4V2SDYGJhJnJGqvIIgdECeODCT98wSWDAJ94SSuVpYQUoTcGUIL6L4yNB7j1DFFHSBg==

repeating@^2.0.0:
  version "2.0.1"
  resolved "https://registry.yarnpkg.com/repeating/-/repeating-2.0.1.tgz#5214c53a926d3552707527fbab415dbc08d06dda"
  integrity sha1-UhTFOpJtNVJwdSf7q0FdvAjQbdo=
  dependencies:
    is-finite "^1.0.0"

resolve@^1.11.1, resolve@^1.5.0:
  version "1.12.2"
  resolved "https://registry.yarnpkg.com/resolve/-/resolve-1.12.2.tgz#08b12496d9aa8659c75f534a8f05f0d892fff594"
  integrity sha512-cAVTI2VLHWYsGOirfeYVVQ7ZDejtQ9fp4YhYckWDEkFfqbVjaT11iM8k6xSAfGFMM+gDpZjMnFssPu8we+mqFw==
  dependencies:
    path-parse "^1.0.6"

rollup-plugin-node-resolve@^5.2.0:
  version "5.2.0"
  resolved "https://registry.yarnpkg.com/rollup-plugin-node-resolve/-/rollup-plugin-node-resolve-5.2.0.tgz#730f93d10ed202473b1fb54a5997a7db8c6d8523"
  integrity sha512-jUlyaDXts7TW2CqQ4GaO5VJ4PwwaV8VUGA7+km3n6k6xtOEacf61u0VXwN80phY/evMcaS+9eIeJ9MOyDxt5Zw==
  dependencies:
    "@types/resolve" "0.0.8"
    builtin-modules "^3.1.0"
    is-module "^1.0.0"
    resolve "^1.11.1"
    rollup-pluginutils "^2.8.1"

rollup-pluginutils@^2.8.1:
  version "2.8.2"
  resolved "https://registry.yarnpkg.com/rollup-pluginutils/-/rollup-pluginutils-2.8.2.tgz#72f2af0748b592364dbd3389e600e5a9444a351e"
  integrity sha512-EEp9NhnUkwY8aif6bxgovPHMoMoNr2FulJziTndpt5H9RdwC47GSGuII9XxpSdzVGM0GWrNPHV6ie1LTNJPaLQ==
  dependencies:
    estree-walker "^0.6.1"

rollup@^1.27.5, rollup@^1.3.0:
  version "1.27.5"
  resolved "https://registry.yarnpkg.com/rollup/-/rollup-1.27.5.tgz#d100fb0ffd8353575cb2057152547b9abfddfe59"
  integrity sha512-8rfVdzuTg2kt8ObD9LNJpEwUN7B6lsl3sHc5fddtgICpLjpYeSf4m2+RftBzcCaBTMi1iYX3Ez8zFT4Gj2nJjg==
  dependencies:
    "@types/estree" "*"
    "@types/node" "*"
    acorn "^7.1.0"

shady-css-parser@^0.1.0:
  version "0.1.0"
  resolved "https://registry.yarnpkg.com/shady-css-parser/-/shady-css-parser-0.1.0.tgz#534dc79c8ca5884c5ed92a4e5a13d6d863bca428"
  integrity sha512-irfJUUkEuDlNHKZNAp2r7zOyMlmbfVJ+kWSfjlCYYUx/7dJnANLCyTzQZsuxy5NJkvtNwSxY5Gj8MOlqXUQPyA==

source-map@^0.5.0, source-map@^0.5.6, source-map@^0.5.7:
  version "0.5.7"
  resolved "https://registry.yarnpkg.com/source-map/-/source-map-0.5.7.tgz#8a039d2d1021d22d1ea14c80d8ea468ba2ef3fcc"
  integrity sha1-igOdLRAh0i0eoUyA2OpGi6LvP8w=

stable@^0.1.6:
  version "0.1.8"
  resolved "https://registry.yarnpkg.com/stable/-/stable-0.1.8.tgz#836eb3c8382fe2936feaf544631017ce7d47a3cf"
  integrity sha512-ji9qxRnOVfcuLDySj9qzhGSEFVobyt1kIOSkj1qZzYLzq7Tos/oUUWvotUPQLlrsidqsK6tBH89Bc9kL5zHA6w==

strip-ansi@^3.0.0:
  version "3.0.1"
  resolved "https://registry.yarnpkg.com/strip-ansi/-/strip-ansi-3.0.1.tgz#6a385fb8853d952d5ff05d0e8aaf94278dc63dcf"
  integrity sha1-ajhfuIU9lS1f8F0Oiq+UJ43GPc8=
  dependencies:
    ansi-regex "^2.0.0"

strip-indent@^2.0.0:
  version "2.0.0"
  resolved "https://registry.yarnpkg.com/strip-indent/-/strip-indent-2.0.0.tgz#5ef8db295d01e6ed6cbf7aab96998d7822527b68"
  integrity sha1-XvjbKV0B5u1sv3qrlpmNeCJSe2g=

supports-color@^2.0.0:
  version "2.0.0"
  resolved "https://registry.yarnpkg.com/supports-color/-/supports-color-2.0.0.tgz#535d045ce6b6363fa40117084629995e9df324c7"
  integrity sha1-U10EXOa2Nj+kARcIRimZXp3zJMc=

supports-color@^5.3.0:
  version "5.5.0"
  resolved "https://registry.yarnpkg.com/supports-color/-/supports-color-5.5.0.tgz#e2e69a44ac8772f78a1ec0b35b689df6530efc8f"
  integrity sha512-QjVjwdXIt408MIiAqCX4oUKsgU2EqAGzs2Ppkm4aQYbjm+ZEWEcW4SfFNTr4uMNZma0ey4f5lgLrkB0aX0QMow==
  dependencies:
    has-flag "^3.0.0"

table-layout@^0.3.0:
  version "0.3.0"
  resolved "https://registry.yarnpkg.com/table-layout/-/table-layout-0.3.0.tgz#6ee20dc483db371b3e5c87f704ed2f7c799d2c9a"
  integrity sha1-buINxIPbNxs+XIf3BO0vfHmdLJo=
  dependencies:
    array-back "^1.0.3"
    core-js "^2.4.1"
    deep-extend "~0.4.1"
    feature-detect-es6 "^1.3.1"
    typical "^2.6.0"
    wordwrapjs "^2.0.0-0"

table-layout@^0.4.3:
  version "0.4.5"
  resolved "https://registry.yarnpkg.com/table-layout/-/table-layout-0.4.5.tgz#d906de6a25fa09c0c90d1d08ecd833ecedcb7378"
  integrity sha512-zTvf0mcggrGeTe/2jJ6ECkJHAQPIYEwDoqsiqBjI24mvRmQbInK5jq33fyypaCBxX08hMkfmdOqj6haT33EqWw==
  dependencies:
    array-back "^2.0.0"
    deep-extend "~0.6.0"
    lodash.padend "^4.6.1"
    typical "^2.6.1"
    wordwrapjs "^3.0.0"

test-value@^2.1.0:
  version "2.1.0"
  resolved "https://registry.yarnpkg.com/test-value/-/test-value-2.1.0.tgz#11da6ff670f3471a73b625ca4f3fdcf7bb748291"
  integrity sha1-Edpv9nDzRxpztiXKTz/c97t0gpE=
  dependencies:
    array-back "^1.0.3"
    typical "^2.6.0"

to-fast-properties@^1.0.3:
  version "1.0.3"
  resolved "https://registry.yarnpkg.com/to-fast-properties/-/to-fast-properties-1.0.3.tgz#b83571fa4d8c25b82e231b06e3a3055de4ca1a47"
  integrity sha1-uDVx+k2MJbguIxsG46MFXeTKGkc=

to-fast-properties@^2.0.0:
  version "2.0.0"
  resolved "https://registry.yarnpkg.com/to-fast-properties/-/to-fast-properties-2.0.0.tgz#dc5e698cbd079265bc73e0377681a4e4e83f616e"
  integrity sha1-3F5pjL0HkmW8c+A3doGk5Og/YW4=

tr46@^1.0.1:
  version "1.0.1"
  resolved "https://registry.yarnpkg.com/tr46/-/tr46-1.0.1.tgz#a8b13fd6bfd2489519674ccde55ba3693b706d09"
  integrity sha1-qLE/1r/SSJUZZ0zN5VujaTtwbQk=
  dependencies:
    punycode "^2.1.0"

trim-right@^1.0.1:
  version "1.0.1"
  resolved "https://registry.yarnpkg.com/trim-right/-/trim-right-1.0.1.tgz#cb2e1203067e0c8de1f614094b9fe45704ea6003"
  integrity sha1-yy4SAwZ+DI3h9hQJS5/kVwTqYAM=

typical@^2.6.0, typical@^2.6.1:
  version "2.6.1"
  resolved "https://registry.yarnpkg.com/typical/-/typical-2.6.1.tgz#5c080e5d661cbbe38259d2e70a3c7253e873881d"
  integrity sha1-XAgOXWYcu+OCWdLnCjxyU+hziB0=

typical@^4.0.0:
  version "4.0.0"
  resolved "https://registry.yarnpkg.com/typical/-/typical-4.0.0.tgz#cbeaff3b9d7ae1e2bbfaf5a4e6f11eccfde94fc4"
  integrity sha512-VAH4IvQ7BDFYglMd7BPRDfLgxZZX4O4TFcRDA6EN5X7erNJJq+McIEp8np9aVtxrCJ6qx4GTYVfOWNjcqwZgRw==

vlq@^0.2.2:
  version "0.2.3"
  resolved "https://registry.yarnpkg.com/vlq/-/vlq-0.2.3.tgz#8f3e4328cf63b1540c0d67e1b2778386f8975b26"
  integrity sha512-DRibZL6DsNhIgYQ+wNdWDL2SL3bKPlVrRiBqV5yuMm++op8W4kGFtaQfCs4KEJn0wBZcHVHJ3eoywX8983k1ow==

vscode-uri@=1.0.6:
  version "1.0.6"
  resolved "https://registry.yarnpkg.com/vscode-uri/-/vscode-uri-1.0.6.tgz#6b8f141b0bbc44ad7b07e94f82f168ac7608ad4d"
  integrity sha512-sLI2L0uGov3wKVb9EB+vIQBl9tVP90nqRvxSoJ35vI3NjxE8jfsE5DSOhWgSunHSZmKS4OCi2jrtfxK7uyp2ww==

webidl-conversions@^4.0.2:
  version "4.0.2"
  resolved "https://registry.yarnpkg.com/webidl-conversions/-/webidl-conversions-4.0.2.tgz#a855980b1f0b6b359ba1d5d9fb39ae941faa63ad"
  integrity sha512-YQ+BmxuTgd6UXZW3+ICGfyqRyHXVlD5GtQr5+qjiNW7bF0cqrzX500HVXPBOvgXb5YnzDd+h0zqyv61KUD7+Sg==

whatwg-url@^6.4.0:
  version "6.5.0"
  resolved "https://registry.yarnpkg.com/whatwg-url/-/whatwg-url-6.5.0.tgz#f2df02bff176fd65070df74ad5ccbb5a199965a8"
  integrity sha512-rhRZRqx/TLJQWUpQ6bmrt2UV4f0HCQ463yQuONJqC6fO2VoEb1pTYddbe59SkYq87aoM5A3bdhMZiUiVws+fzQ==
  dependencies:
    lodash.sortby "^4.7.0"
    tr46 "^1.0.1"
    webidl-conversions "^4.0.2"

wordwrapjs@^2.0.0-0:
  version "2.0.0"
  resolved "https://registry.yarnpkg.com/wordwrapjs/-/wordwrapjs-2.0.0.tgz#ab55f695e6118da93858fdd70c053d1c5e01ac20"
  integrity sha1-q1X2leYRjak4WP3XDAU9HF4BrCA=
  dependencies:
    array-back "^1.0.3"
    feature-detect-es6 "^1.3.1"
    reduce-flatten "^1.0.1"
    typical "^2.6.0"

wordwrapjs@^3.0.0:
  version "3.0.0"
  resolved "https://registry.yarnpkg.com/wordwrapjs/-/wordwrapjs-3.0.0.tgz#c94c372894cadc6feb1a66bff64e1d9af92c5d1e"
  integrity sha512-mO8XtqyPvykVCsrwj5MlOVWvSnCdT+C+QVbm6blradR7JExAhbkZ7hZ9A+9NUtwzSqrlUo9a67ws0EiILrvRpw==
  dependencies:
    reduce-flatten "^1.0.1"
    typical "^2.6.1"
