# THIS IS AN AUTOGENERATED FILE. DO NOT EDIT THIS FILE DIRECTLY.
# yarn lockfile v1


"@gerritcodereview/typescript-api@3.4.2":
  version "3.4.2"
  resolved "https://registry.yarnpkg.com/@gerritcodereview/typescript-api/-/typescript-api-3.4.2.tgz#79e8ff336608cbf18e651bfa9541d7bdead5e1f9"
  integrity sha512-iqHd6G43pV4Wk5iNw95AQmWUBuIrY+dvQ1Ne8ZYkOwRhdruh4BAPhMtsmqWDlcVQbfcwZD5F2zFkGB4J4htggw==

"@lit/reactive-element@^1.0.0-rc.2":
  version "1.0.0-rc.2"
  resolved "https://registry.yarnpkg.com/@lit/reactive-element/-/reactive-element-1.0.0-rc.2.tgz#f24dba16ea571a08dca70f1783bd2ca5ec8de3ee"
  integrity sha512-cujeIl5Ei8FC7UHf4/4Q3bRJOtdTe1vpJV/JEBYCggedmQ+2P8A2oz7eE+Vxi6OJ4nc0X+KZxXnBoH4QrEbmEQ==

"@polymer/decorators@^3.0.0":
  version "3.0.0"
  resolved "https://registry.yarnpkg.com/@polymer/decorators/-/decorators-3.0.0.tgz#e4212ac976d9abd1210f560b6e1be4165c1c0183"
  integrity sha512-qh+VID9nDV9q3ABvIfWgm7/+udl7v2HKsMLPXFm8tj1fI7qr7yWJMFwS3xWBkMmuNPtmkS8MDP0vqLAQIEOWzg==
  dependencies:
    "@polymer/polymer" "^3.0.5"

"@polymer/polymer@^3.0.5", "@polymer/polymer@^3.4.1":
  version "3.4.1"
  resolved "https://registry.yarnpkg.com/@polymer/polymer/-/polymer-3.4.1.tgz#333bef25711f8411bb5624fb3eba8212ef8bee96"
  integrity sha512-KPWnhDZibtqKrUz7enIPOiO4ZQoJNOuLwqrhV2MXzIt3VVnUVJVG5ORz4Z2sgO+UZ+/UZnPD0jqY+jmw/+a9mQ==
  dependencies:
    "@webcomponents/shadycss" "^1.9.1"

"@types/trusted-types@^1.0.1":
  version "1.0.6"
  resolved "https://registry.yarnpkg.com/@types/trusted-types/-/trusted-types-1.0.6.tgz#569b8a08121d3203398290d602d84d73c8dcf5da"
  integrity sha512-230RC8sFeHoT6sSUlRO6a8cAnclO06eeiq1QDfiv2FGCLWFvvERWgwIQD4FWqD9A69BN7Lzee4OXwoMVnnsWDw==

"@webcomponents/shadycss@^1.9.1":
  version "1.11.0"
  resolved "https://registry.yarnpkg.com/@webcomponents/shadycss/-/shadycss-1.11.0.tgz#73e289996c002d8be694cd3be0e83c46ad25e7e0"
  integrity sha512-L5O/+UPum8erOleNjKq6k58GVl3fNsEQdSOyh0EUhNmi7tHUyRuCJy1uqJiWydWcLARE5IPsMoPYMZmUGrz1JA==

lit-element@^3.0.0-rc.2:
  version "3.0.0-rc.2"
  resolved "https://registry.yarnpkg.com/lit-element/-/lit-element-3.0.0-rc.2.tgz#883d0b6fd7b846226d360699d1b713da5fc7e1b7"
  integrity sha512-2Z7DabJ3b5K+p5073vFjMODoaWqy5PIaI4y6ADKm+fCGc8OnX9fU9dMoUEBZjFpd/bEFR9PBp050tUtBnT9XTQ==
  dependencies:
    "@lit/reactive-element" "^1.0.0-rc.2"
    lit-html "^2.0.0-rc.3"

lit-html@^2.0.0-rc.3:
  version "2.0.0-rc.3"
  resolved "https://registry.yarnpkg.com/lit-html/-/lit-html-2.0.0-rc.3.tgz#1c216e548630e18d3093d97f4e29563abce659af"
  integrity sha512-Y6P8LlAyQuqvzq6l/Nc4z5/P5M/rVLYKQIRxcNwSuGajK0g4kbcBFQqZmgvqKG+ak+dHZjfm2HUw9TF5N/pkCw==
  dependencies:
    "@types/trusted-types" "^1.0.1"

lit-html@^2.0.0-rc.4:
  version "2.0.0-rc.4"
  resolved "https://registry.yarnpkg.com/lit-html/-/lit-html-2.0.0-rc.4.tgz#1015fa8f1f7c8c5b79999ed0bc11c3b79ff1aab5"
  integrity sha512-WSLGu3vxq7y8q/oOd9I3zxyBELNLLiDk6gAYoKK4PGctI5fbh6lhnO/jVBdy0PV/vTc+cLJCA/occzx3YoNPeg==
  dependencies:
    "@types/trusted-types" "^1.0.1"

lit@2.0.0-rc.3:
  version "2.0.0-rc.3"
  resolved "https://registry.yarnpkg.com/lit/-/lit-2.0.0-rc.3.tgz#8b6a85268aba287c11125dfe57e88e0bc09beaff"
  integrity sha512-UZDLWuspl7saA+WvS0e+TE3NdGGE05hOIwUPTWiibs34c5QupcEzpjB/aElt79V9bELQVNbUUwa0Ow7D1Wuszw==
  dependencies:
    "@lit/reactive-element" "^1.0.0-rc.2"
    lit-element "^3.0.0-rc.2"
    lit-html "^2.0.0-rc.4"
