# THIS IS AN AUTOGENERATED FILE. DO NOT EDIT THIS FILE DIRECTLY.
# yarn lockfile v1


"@gerritcodereview/typescript-api@3.4.4":
  version "3.4.4"
  resolved "https://registry.yarnpkg.com/@gerritcodereview/typescript-api/-/typescript-api-3.4.4.tgz#9f09687038088dd7edd3b4e30d249502eb21bfbc"
  integrity sha512-MAiQwntcQ59b92yYDsVIXj3oBbAB4C7HELkLFFbYs4ZjzC43XqqtR9VF0dh5OUC8wzFZttgUiOmGehk9edpPuw==

"@lit/reactive-element@^1.0.0":
  version "1.0.1"
  resolved "https://registry.yarnpkg.com/@lit/reactive-element/-/reactive-element-1.0.1.tgz#853cacd4d78d79059f33f66f8e7b0e5c34bee294"
  integrity sha512-nSD5AA2AZkKuXuvGs8IK7K5ZczLAogfDd26zT9l6S7WzvqALdVWcW5vMUiTnZyj5SPcNwNNANj0koeV1ieqTFQ==

"@polymer/decorators@^3.0.0":
  version "3.0.0"
  resolved "https://registry.yarnpkg.com/@polymer/decorators/-/decorators-3.0.0.tgz#e4212ac976d9abd1210f560b6e1be4165c1c0183"
  integrity sha512-qh+VID9nDV9q3ABvIfWgm7/+udl7v2HKsMLPXFm8tj1fI7qr7yWJMFwS3xWBkMmuNPtmkS8MDP0vqLAQIEOWzg==
  dependencies:
    "@polymer/polymer" "^3.0.5"

"@polymer/polymer@^3.0.5", "@polymer/polymer@^3.4.1":
  version "3.4.1"
  resolved "https://registry.yarnpkg.com/@polymer/polymer/-/polymer-3.4.1.tgz#333bef25711f8411bb5624fb3eba8212ef8bee96"
  integrity sha512-KPWnhDZibtqKrUz7enIPOiO4ZQoJNOuLwqrhV2MXzIt3VVnUVJVG5ORz4Z2sgO+UZ+/UZnPD0jqY+jmw/+a9mQ==
  dependencies:
    "@webcomponents/shadycss" "^1.9.1"

"@types/trusted-types@^2.0.2":
  version "2.0.2"
  resolved "https://registry.yarnpkg.com/@types/trusted-types/-/trusted-types-2.0.2.tgz#fc25ad9943bcac11cceb8168db4f275e0e72e756"
  integrity sha512-F5DIZ36YVLE+PN+Zwws4kJogq47hNgX3Nx6WyDJ3kcplxyke3XIzB8uK5n/Lpm1HBsbGzd6nmGehL8cPekP+Tg==

"@webcomponents/shadycss@^1.9.1":
  version "1.11.0"
  resolved "https://registry.yarnpkg.com/@webcomponents/shadycss/-/shadycss-1.11.0.tgz#73e289996c002d8be694cd3be0e83c46ad25e7e0"
  integrity sha512-L5O/+UPum8erOleNjKq6k58GVl3fNsEQdSOyh0EUhNmi7tHUyRuCJy1uqJiWydWcLARE5IPsMoPYMZmUGrz1JA==

lit-element@^3.0.0:
  version "3.0.1"
  resolved "https://registry.yarnpkg.com/lit-element/-/lit-element-3.0.1.tgz#3c545af17d8a46268bc1dd5623a47486e6ff76f4"
  integrity sha512-vs9uybH9ORyK49CFjoNGN85HM9h5bmisU4TQ63phe/+GYlwvY/3SIFYKdjV6xNvzz8v2MnVC+9+QOkPqh+Q3Ew==
  dependencies:
    "@lit/reactive-element" "^1.0.0"
    lit-html "^2.0.0"

lit-html@^2.0.0:
  version "2.0.1"
  resolved "https://registry.yarnpkg.com/lit-html/-/lit-html-2.0.1.tgz#63241015efa07bc9259b6f96f04abd052d2a1f95"
  integrity sha512-KF5znvFdXbxTYM/GjpdOOnMsjgRcFGusTnB54ixnCTya5zUR0XqrDRj29ybuLS+jLXv1jji6Y8+g4W7WP8uL4w==
  dependencies:
    "@types/trusted-types" "^2.0.2"

lit@^2.0.2:
  version "2.0.2"
  resolved "https://registry.yarnpkg.com/lit/-/lit-2.0.2.tgz#5e6f422924e0732258629fb379556b6d23f7179c"
  integrity sha512-hKA/1YaSB+P+DvKWuR2q1Xzy/iayhNrJ3aveD0OQ9CKn6wUjsdnF/7LavDOJsKP/K5jzW/kXsuduPgRvTFrFJw==
  dependencies:
    "@lit/reactive-element" "^1.0.0"
    lit-element "^3.0.0"
    lit-html "^2.0.0"
