# THIS IS AN AUTOGENERATED FILE. DO NOT EDIT THIS FILE DIRECTLY.
# yarn lockfile v1


"@gerritcodereview/typescript-api@3.4.2":
  version "3.4.2"
  resolved "https://registry.yarnpkg.com/@gerritcodereview/typescript-api/-/typescript-api-3.4.2.tgz#79e8ff336608cbf18e651bfa9541d7bdead5e1f9"
  integrity sha512-iqHd6G43pV4Wk5iNw95AQmWUBuIrY+dvQ1Ne8ZYkOwRhdruh4BAPhMtsmqWDlcVQbfcwZD5F2zFkGB4J4htggw==

"@polymer/polymer@^3.4.1":
  version "3.4.1"
  resolved "https://registry.yarnpkg.com/@polymer/polymer/-/polymer-3.4.1.tgz#333bef25711f8411bb5624fb3eba8212ef8bee96"
  integrity sha512-KPWnhDZibtqKrUz7enIPOiO4ZQoJNOuLwqrhV2MXzIt3VVnUVJVG5ORz4Z2sgO+UZ+/UZnPD0jqY+jmw/+a9mQ==
  dependencies:
    "@webcomponents/shadycss" "^1.9.1"

"@webcomponents/shadycss@^1.9.1":
  version "1.11.0"
  resolved "https://registry.yarnpkg.com/@webcomponents/shadycss/-/shadycss-1.11.0.tgz#73e289996c002d8be694cd3be0e83c46ad25e7e0"
  integrity sha512-L5O/+UPum8erOleNjKq6k58GVl3fNsEQdSOyh0EUhNmi7tHUyRuCJy1uqJiWydWcLARE5IPsMoPYMZmUGrz1JA==
