{
  "name": "polygerrit-ui-dependencies",
  "requires": true,
  "lockfileVersion": 1,
  "dependencies": {
    "@material/animation": {
      "version": "9.0.0-canary.1c156d69d.0",
      "resolved": "https://registry.npmjs.org/@material/animation/-/animation-9.0.0-canary.1c156d69d.0.tgz",
      "integrity": "sha512-m3eUpFRwxcP1tEWJlIH5q77YGSYEe5ITRw5OtyDvxU7ZzF0xKJbBeauQEdCmyig9UvK+J7jUUnCgkT/t/ldLtw==",
      "requires": {
        "tslib": "^1.9.3"
      },
      "dependencies": {
        "tslib": {
          "version": "1.14.1",
          "resolved": "https://registry.npmjs.org/tslib/-/tslib-1.14.1.tgz",
          "integrity": "sha512-Xni35NKzjgMrwevysHTCArtLDpPvye8zV/0E4EyYn43P7/7qvQwPh9BGkHewbMulVntbigmcT7rdX3BNo9wRJg=="
        }
      }
    },
    "@material/base": {
      "version": "9.0.0-canary.1c156d69d.0",
      "resolved": "https://registry.npmjs.org/@material/base/-/base-9.0.0-canary.1c156d69d.0.tgz",
      "integrity": "sha512-r98qY6EsPx6BlzT0Pj+H+BTI7r76GEX/zZPgajxZjbPAJSeeK+uCh69Dmhf63meLKaFkKgvLwH5udKJLMqqjpQ==",
      "requires": {
        "tslib": "^1.9.3"
      },
      "dependencies": {
        "tslib": {
          "version": "1.14.1",
          "resolved": "https://registry.npmjs.org/tslib/-/tslib-1.14.1.tgz",
          "integrity": "sha512-Xni35NKzjgMrwevysHTCArtLDpPvye8zV/0E4EyYn43P7/7qvQwPh9BGkHewbMulVntbigmcT7rdX3BNo9wRJg=="
        }
      }
    },
    "@material/density": {
      "version": "9.0.0-canary.1c156d69d.0",
      "resolved": "https://registry.npmjs.org/@material/density/-/density-9.0.0-canary.1c156d69d.0.tgz",
      "integrity": "sha512-Y87bUpTsXNDOi1q5NVRBxIyTUAFda1PP1Z9HOvgpV19n7/F6YLrttLGcOFSRFfx9btUKf4EddctBzwzBrF71TQ=="
    },
    "@material/dom": {
      "version": "9.0.0-canary.1c156d69d.0",
      "resolved": "https://registry.npmjs.org/@material/dom/-/dom-9.0.0-canary.1c156d69d.0.tgz",
      "integrity": "sha512-AwiQDzquolB7rqy8k4+QMVQ8Njb6k0CT+otJ/UNJbj0qNVXZB4njVaWRWrWCt70hYp1rG0cRNkZ01ZJDqABUFw==",
      "requires": {
        "@material/feature-targeting": "9.0.0-canary.1c156d69d.0",
        "tslib": "^1.9.3"
      },
      "dependencies": {
        "tslib": {
          "version": "1.14.1",
          "resolved": "https://registry.npmjs.org/tslib/-/tslib-1.14.1.tgz",
          "integrity": "sha512-Xni35NKzjgMrwevysHTCArtLDpPvye8zV/0E4EyYn43P7/7qvQwPh9BGkHewbMulVntbigmcT7rdX3BNo9wRJg=="
        }
      }
    },
    "@material/feature-targeting": {
      "version": "9.0.0-canary.1c156d69d.0",
      "resolved": "https://registry.npmjs.org/@material/feature-targeting/-/feature-targeting-9.0.0-canary.1c156d69d.0.tgz",
      "integrity": "sha512-HWd0+GMnkVB3anmUc9+MeWCNoogAbb4U7ihzwq7lzLCQyC+i/kunppkUVV7DhL3ZVl1O6zIw1eAT+dgQpN8x4Q=="
    },
    "@material/floating-label": {
      "version": "9.0.0-canary.1c156d69d.0",
      "resolved": "https://registry.npmjs.org/@material/floating-label/-/floating-label-9.0.0-canary.1c156d69d.0.tgz",
      "integrity": "sha512-Brws2RwJsQkWo1Pa4WmW9Y3HFk/LAkSjrDnQl1BQCwRr1cYW2fVzFvFxvmN4XTO/k/wBuLhqGTBmyWyJJMpZ6w==",
      "requires": {
        "@material/animation": "9.0.0-canary.1c156d69d.0",
        "@material/base": "9.0.0-canary.1c156d69d.0",
        "@material/dom": "9.0.0-canary.1c156d69d.0",
        "@material/feature-targeting": "9.0.0-canary.1c156d69d.0",
        "@material/rtl": "9.0.0-canary.1c156d69d.0",
        "@material/theme": "9.0.0-canary.1c156d69d.0",
        "@material/typography": "9.0.0-canary.1c156d69d.0",
        "tslib": "^1.9.3"
      },
      "dependencies": {
        "tslib": {
          "version": "1.14.1",
          "resolved": "https://registry.npmjs.org/tslib/-/tslib-1.14.1.tgz",
          "integrity": "sha512-Xni35NKzjgMrwevysHTCArtLDpPvye8zV/0E4EyYn43P7/7qvQwPh9BGkHewbMulVntbigmcT7rdX3BNo9wRJg=="
        }
      }
    },
    "@material/line-ripple": {
      "version": "9.0.0-canary.1c156d69d.0",
      "resolved": "https://registry.npmjs.org/@material/line-ripple/-/line-ripple-9.0.0-canary.1c156d69d.0.tgz",
      "integrity": "sha512-TmfT5/qzyp/NQrT1shlg7yynhMYJVmkFv0r38aZ80O0fIKo4mEqtcSVQZGXr8acBRCdWgItrRikv5U7TB6uNTg==",
      "requires": {
        "@material/animation": "9.0.0-canary.1c156d69d.0",
        "@material/base": "9.0.0-canary.1c156d69d.0",
        "@material/feature-targeting": "9.0.0-canary.1c156d69d.0",
        "@material/theme": "9.0.0-canary.1c156d69d.0",
        "tslib": "^1.9.3"
      },
      "dependencies": {
        "tslib": {
          "version": "1.14.1",
          "resolved": "https://registry.npmjs.org/tslib/-/tslib-1.14.1.tgz",
          "integrity": "sha512-Xni35NKzjgMrwevysHTCArtLDpPvye8zV/0E4EyYn43P7/7qvQwPh9BGkHewbMulVntbigmcT7rdX3BNo9wRJg=="
        }
      }
    },
    "@material/mwc-base": {
      "version": "0.20.0",
      "resolved": "https://registry.npmjs.org/@material/mwc-base/-/mwc-base-0.20.0.tgz",
      "integrity": "sha512-q35jN1TGBts3LzKk2RVtgBpLDfBfRrx2hJ4GEVAeJsEGiO5CZrCD0bPlZSRTammzQBbDAh7szvhMiWo0TkRaWw==",
      "requires": {
        "@material/base": "=9.0.0-canary.1c156d69d.0",
        "@material/dom": "=9.0.0-canary.1c156d69d.0",
        "lit-element": "^2.3.0",
        "tslib": "^2.0.1"
      }
    },
    "@material/mwc-button": {
      "version": "0.20.0",
      "resolved": "https://registry.npmjs.org/@material/mwc-button/-/mwc-button-0.20.0.tgz",
      "integrity": "sha512-kqQpeuLfaqfH4PZbENT9rwx1sgeFPLHuKy5M31ZeKG1deRTxw11FDGeMxSkePfm1QFfY6DNTsIAG5qC56tUNlw==",
      "requires": {
        "@material/mwc-icon": "^0.20.0",
        "@material/mwc-ripple": "^0.20.0",
        "lit-element": "^2.3.0",
        "lit-html": "^1.1.2",
        "tslib": "^2.0.1"
      }
    },
    "@material/mwc-floating-label": {
      "version": "0.20.0",
      "resolved": "https://registry.npmjs.org/@material/mwc-floating-label/-/mwc-floating-label-0.20.0.tgz",
      "integrity": "sha512-WRl/oIkP6A5mqWu9ykWQZsIXxCGJ+JXr/Ooou8F8kJADWVGYf5DNFXKd6gXq+dxXfDbC6AZHPbp7/WH/vuQVrg==",
      "requires": {
        "@material/floating-label": "=9.0.0-canary.1c156d69d.0",
        "lit-html": "^1.1.2",
        "tslib": "^2.0.1"
      }
    },
    "@material/mwc-icon": {
      "version": "0.20.0",
      "resolved": "https://registry.npmjs.org/@material/mwc-icon/-/mwc-icon-0.20.0.tgz",
      "integrity": "sha512-YCtzWbJVSZGcvWKVHwIhwfGMLEqAmRSVGcXTCAH/rOzGU7RkOxQkfNDkLAuTRAX9a7HYQStIJ39ENVcysElljg==",
      "requires": {
        "lit-element": "^2.3.0",
        "tslib": "^2.0.1"
      }
    },
    "@material/mwc-line-ripple": {
      "version": "0.20.0",
      "resolved": "https://registry.npmjs.org/@material/mwc-line-ripple/-/mwc-line-ripple-0.20.0.tgz",
      "integrity": "sha512-apA8dQ1wDbo+LOJa47dG/wMJS4iyG56bTTHMRDI4lLgd4czbEKllIgmkWBZeleqMjzzwXNfWKo/5354Ne+rbqQ==",
      "requires": {
        "@material/line-ripple": "=9.0.0-canary.1c156d69d.0",
        "lit-html": "^1.1.2",
        "tslib": "^2.0.1"
      }
    },
    "@material/mwc-notched-outline": {
      "version": "0.20.0",
      "resolved": "https://registry.npmjs.org/@material/mwc-notched-outline/-/mwc-notched-outline-0.20.0.tgz",
      "integrity": "sha512-7gU0wEYSFNA8Cms5VU1rEEJ75rwSR0EJmlW6YC1f/0kIA/d3U4V5okntIwCquH6U6oi6WNbmfHusoS6wQ6I37w==",
      "requires": {
        "@material/mwc-base": "^0.20.0",
        "@material/notched-outline": "=9.0.0-canary.1c156d69d.0",
        "lit-element": "^2.3.0",
        "lit-html": "^1.1.2",
        "tslib": "^2.0.1"
      }
    },
    "@material/mwc-ripple": {
      "version": "0.20.0",
      "resolved": "https://registry.npmjs.org/@material/mwc-ripple/-/mwc-ripple-0.20.0.tgz",
      "integrity": "sha512-4rlIu+Kk//NsW/u3CnU1kz3dsvwEozax0Zf2CUp+ao0ozclHfQ2+sTZVY0Mr8+GJLn7Oz51gT5OHoarZuWWljA==",
      "requires": {
        "@material/dom": "=9.0.0-canary.1c156d69d.0",
        "@material/mwc-base": "^0.20.0",
        "@material/ripple": "=9.0.0-canary.1c156d69d.0",
        "lit-element": "^2.3.0",
        "lit-html": "^1.1.2",
        "tslib": "^2.0.1"
      }
    },
    "@material/mwc-textfield": {
      "version": "0.20.0",
      "resolved": "https://registry.npmjs.org/@material/mwc-textfield/-/mwc-textfield-0.20.0.tgz",
      "integrity": "sha512-VFy53M6En0REG+jY+E0dpi9PKSF25KwMIXt0OoCdHPLtWhZkCarpwbdkywbvV9GjyAllweVRhtdpLmZgivOV9g==",
      "requires": {
        "@material/floating-label": "=9.0.0-canary.1c156d69d.0",
        "@material/line-ripple": "=9.0.0-canary.1c156d69d.0",
        "@material/mwc-base": "^0.20.0",
        "@material/mwc-floating-label": "^0.20.0",
        "@material/mwc-line-ripple": "^0.20.0",
        "@material/mwc-notched-outline": "^0.20.0",
        "@material/textfield": "=9.0.0-canary.1c156d69d.0",
        "lit-element": "^2.3.0",
        "lit-html": "^1.1.2",
        "tslib": "^2.0.1"
      }
    },
    "@material/notched-outline": {
      "version": "9.0.0-canary.1c156d69d.0",
      "resolved": "https://registry.npmjs.org/@material/notched-outline/-/notched-outline-9.0.0-canary.1c156d69d.0.tgz",
      "integrity": "sha512-lyIFYE6V/LFGhMAbmmPNQGby5pqbf4JwSiVu0jlEtBy9P+H6x/0iDO9OjaR+YUSHUo4ht9UfuDSfrCHJ/3og0w==",
      "requires": {
        "@material/base": "9.0.0-canary.1c156d69d.0",
        "@material/feature-targeting": "9.0.0-canary.1c156d69d.0",
        "@material/floating-label": "9.0.0-canary.1c156d69d.0",
        "@material/rtl": "9.0.0-canary.1c156d69d.0",
        "@material/shape": "9.0.0-canary.1c156d69d.0",
        "@material/theme": "9.0.0-canary.1c156d69d.0",
        "tslib": "^1.9.3"
      },
      "dependencies": {
        "tslib": {
          "version": "1.14.1",
          "resolved": "https://registry.npmjs.org/tslib/-/tslib-1.14.1.tgz",
          "integrity": "sha512-Xni35NKzjgMrwevysHTCArtLDpPvye8zV/0E4EyYn43P7/7qvQwPh9BGkHewbMulVntbigmcT7rdX3BNo9wRJg=="
        }
      }
    },
    "@material/ripple": {
      "version": "9.0.0-canary.1c156d69d.0",
      "resolved": "https://registry.npmjs.org/@material/ripple/-/ripple-9.0.0-canary.1c156d69d.0.tgz",
      "integrity": "sha512-F1e/LQmYHQFORM/C3hchmANnRwJCXlc7Cp7W+VGpvJdtdzYlTd8DKKcShuOozxUQOjutbNf+Ql8gpZIdYRQaoQ==",
      "requires": {
        "@material/animation": "9.0.0-canary.1c156d69d.0",
        "@material/base": "9.0.0-canary.1c156d69d.0",
        "@material/dom": "9.0.0-canary.1c156d69d.0",
        "@material/feature-targeting": "9.0.0-canary.1c156d69d.0",
        "@material/theme": "9.0.0-canary.1c156d69d.0",
        "tslib": "^1.9.3"
      },
      "dependencies": {
        "tslib": {
          "version": "1.14.1",
          "resolved": "https://registry.npmjs.org/tslib/-/tslib-1.14.1.tgz",
          "integrity": "sha512-Xni35NKzjgMrwevysHTCArtLDpPvye8zV/0E4EyYn43P7/7qvQwPh9BGkHewbMulVntbigmcT7rdX3BNo9wRJg=="
        }
      }
    },
    "@material/rtl": {
      "version": "9.0.0-canary.1c156d69d.0",
      "resolved": "https://registry.npmjs.org/@material/rtl/-/rtl-9.0.0-canary.1c156d69d.0.tgz",
      "integrity": "sha512-ICx0trLFna0M1Ina/1Nat9aSiB64o7VMs8wyCcidX//n7qFDOb0AtU9h2IB+lvX/UmPZVsDAoaL8iVm6RAqygg==",
      "requires": {
        "@material/theme": "9.0.0-canary.1c156d69d.0"
      }
    },
    "@material/shape": {
      "version": "9.0.0-canary.1c156d69d.0",
      "resolved": "https://registry.npmjs.org/@material/shape/-/shape-9.0.0-canary.1c156d69d.0.tgz",
      "integrity": "sha512-3NPm+LNFfY4xsiwy/jo+kY3WIFDwlVyJhq+eimjZ9vpG7STBPyzi1LpiPKvsrk0rmvsy3M0c1alM8E+BQ5+UAg==",
      "requires": {
        "@material/feature-targeting": "9.0.0-canary.1c156d69d.0",
        "@material/rtl": "9.0.0-canary.1c156d69d.0",
        "@material/theme": "9.0.0-canary.1c156d69d.0"
      }
    },
    "@material/textfield": {
      "version": "9.0.0-canary.1c156d69d.0",
      "resolved": "https://registry.npmjs.org/@material/textfield/-/textfield-9.0.0-canary.1c156d69d.0.tgz",
      "integrity": "sha512-pE6qL6j8d+hLLLRl6S2dwWWrvNdj69XUn5BTkImgGcQw9r74TU+b/JVz+WcRG6Ys2s2wdbZalntJbTa20zfzFw==",
      "requires": {
        "@material/animation": "9.0.0-canary.1c156d69d.0",
        "@material/base": "9.0.0-canary.1c156d69d.0",
        "@material/density": "9.0.0-canary.1c156d69d.0",
        "@material/dom": "9.0.0-canary.1c156d69d.0",
        "@material/feature-targeting": "9.0.0-canary.1c156d69d.0",
        "@material/floating-label": "9.0.0-canary.1c156d69d.0",
        "@material/line-ripple": "9.0.0-canary.1c156d69d.0",
        "@material/notched-outline": "9.0.0-canary.1c156d69d.0",
        "@material/ripple": "9.0.0-canary.1c156d69d.0",
        "@material/rtl": "9.0.0-canary.1c156d69d.0",
        "@material/shape": "9.0.0-canary.1c156d69d.0",
        "@material/theme": "9.0.0-canary.1c156d69d.0",
        "@material/typography": "9.0.0-canary.1c156d69d.0",
        "tslib": "^1.9.3"
      },
      "dependencies": {
        "tslib": {
          "version": "1.14.1",
          "resolved": "https://registry.npmjs.org/tslib/-/tslib-1.14.1.tgz",
          "integrity": "sha512-Xni35NKzjgMrwevysHTCArtLDpPvye8zV/0E4EyYn43P7/7qvQwPh9BGkHewbMulVntbigmcT7rdX3BNo9wRJg=="
        }
      }
    },
    "@material/theme": {
      "version": "9.0.0-canary.1c156d69d.0",
      "resolved": "https://registry.npmjs.org/@material/theme/-/theme-9.0.0-canary.1c156d69d.0.tgz",
      "integrity": "sha512-r1610TPwUplt4FHMk7cR06Oz1jU/G31wBIh4Frs/YIB0ZonVlI5cZdIkG0IFtNt9ZYWoDwfP/1nQBxdqrDPPhg==",
      "requires": {
        "@material/feature-targeting": "9.0.0-canary.1c156d69d.0"
      }
    },
    "@material/typography": {
      "version": "9.0.0-canary.1c156d69d.0",
      "resolved": "https://registry.npmjs.org/@material/typography/-/typography-9.0.0-canary.1c156d69d.0.tgz",
      "integrity": "sha512-+JgMe2fIP+lVh4l5qXfjH9/JWd+LnfDEiVr2clWHgAc3pc2LQm6VVgUbNkrX3yeWql0x7I/inGfQovza8BeYAw==",
      "requires": {
        "@material/feature-targeting": "9.0.0-canary.1c156d69d.0",
        "@material/theme": "9.0.0-canary.1c156d69d.0"
      }
    },
    "@polymer/decorators": {
      "version": "3.0.0",
      "resolved": "https://registry.npmjs.org/@polymer/decorators/-/decorators-3.0.0.tgz",
      "integrity": "sha512-qh+VID9nDV9q3ABvIfWgm7/+udl7v2HKsMLPXFm8tj1fI7qr7yWJMFwS3xWBkMmuNPtmkS8MDP0vqLAQIEOWzg==",
      "requires": {
        "@polymer/polymer": "^3.0.5"
      }
    },
    "@polymer/font-roboto": {
      "version": "3.0.2",
      "resolved": "https://registry.npmjs.org/@polymer/font-roboto/-/font-roboto-3.0.2.tgz",
      "integrity": "sha512-tx5TauYSmzsIvmSqepUPDYbs4/Ejz2XbZ1IkD7JEGqkdNUJlh+9KU85G56Tfdk/xjEZ8zorFfN09OSwiMrIQWA=="
    },
    "@polymer/font-roboto-local": {
      "version": "3.0.2",
      "resolved": "https://registry.npmjs.org/@polymer/font-roboto-local/-/font-roboto-local-3.0.2.tgz",
      "integrity": "sha512-mCd9TcjwnCxU+7uVHCkbREGU+OmzStvYh3ru5DSaftOQDnMrLAzernEv/QCcfSPRgTMHij+pIUN4tcaGeDGcYg=="
    },
    "@polymer/iron-a11y-announcer": {
      "version": "3.1.0",
      "resolved": "https://registry.npmjs.org/@polymer/iron-a11y-announcer/-/iron-a11y-announcer-3.1.0.tgz",
      "integrity": "sha512-lc5i4NKB8kSQHH0Hwu8WS3ym93m+J69OHJWSSBxwd17FI+h2wmgxDzeG9LI4ojMMck17/uc2pLe7g/UHt5/K/A==",
      "requires": {
        "@polymer/polymer": "^3.0.0"
      }
    },
    "@polymer/iron-a11y-keys-behavior": {
      "version": "3.0.1",
      "resolved": "https://registry.npmjs.org/@polymer/iron-a11y-keys-behavior/-/iron-a11y-keys-behavior-3.0.1.tgz",
      "integrity": "sha512-lnrjKq3ysbBPT/74l0Fj0U9H9C35Tpw2C/tpJ8a+5g8Y3YJs1WSZYnEl1yOkw6sEyaxOq/1DkzH0+60gGu5/PQ==",
      "requires": {
        "@polymer/polymer": "^3.0.0"
      }
    },
    "@polymer/iron-autogrow-textarea": {
      "version": "3.0.3",
      "resolved": "https://registry.npmjs.org/@polymer/iron-autogrow-textarea/-/iron-autogrow-textarea-3.0.3.tgz",
      "integrity": "sha512-5r0VkWrIlm0JIp5E5wlnvkw7slK72lFRZXncmrsLZF+6n1dg2rI8jt7xpFzSmUWrqpcyXwyKaGaDvUjl3j4JLA==",
      "requires": {
        "@polymer/iron-behaviors": "^3.0.0-pre.26",
        "@polymer/iron-flex-layout": "^3.0.0-pre.26",
        "@polymer/iron-validatable-behavior": "^3.0.0-pre.26",
        "@polymer/polymer": "^3.0.0"
      }
    },
    "@polymer/iron-behaviors": {
      "version": "3.0.1",
      "resolved": "https://registry.npmjs.org/@polymer/iron-behaviors/-/iron-behaviors-3.0.1.tgz",
      "integrity": "sha512-IMEwcv1lhf1HSQxuyWOUIL0lOBwmeaoSTpgCJeP9IBYnuB1SPQngmfRuHKgK6/m9LQ9F9miC7p3HeQQUdKAE0w==",
      "requires": {
        "@polymer/iron-a11y-keys-behavior": "^3.0.0-pre.26",
        "@polymer/polymer": "^3.0.0"
      }
    },
    "@polymer/iron-checked-element-behavior": {
      "version": "3.0.1",
      "resolved": "https://registry.npmjs.org/@polymer/iron-checked-element-behavior/-/iron-checked-element-behavior-3.0.1.tgz",
      "integrity": "sha512-aDr0cbCNVq49q+pOqa6CZutFh+wWpwPMLpEth9swx+GkAj+gCURhuQkaUYhIo5f2egDbEioR1aeHMnPlU9dQZA==",
      "requires": {
        "@polymer/iron-form-element-behavior": "^3.0.0-pre.26",
        "@polymer/iron-validatable-behavior": "^3.0.0-pre.26",
        "@polymer/polymer": "^3.0.0"
      }
    },
    "@polymer/iron-dropdown": {
      "version": "3.0.1",
      "resolved": "https://registry.npmjs.org/@polymer/iron-dropdown/-/iron-dropdown-3.0.1.tgz",
      "integrity": "sha512-22yLhepfcKjuQMfFmRHi/9MPKTqkzgRrmWWW0P5uqK++xle53k2QBO5VYUAYiCN3ZcxIi9lEhZ9YWGeQj2JBig==",
      "requires": {
        "@polymer/iron-behaviors": "^3.0.0-pre.26",
        "@polymer/iron-overlay-behavior": "^3.0.0-pre.27",
        "@polymer/neon-animation": "^3.0.0-pre.26",
        "@polymer/polymer": "^3.0.0"
      }
    },
    "@polymer/iron-fit-behavior": {
      "version": "3.0.2",
      "resolved": "https://registry.npmjs.org/@polymer/iron-fit-behavior/-/iron-fit-behavior-3.0.2.tgz",
      "integrity": "sha512-JndryJYbBR3gSN5IlST4rCHsd01+OyvYpRO6z5Zd3C6u5V/m07TwAtcf3aXwZ8WBNt2eLG28OcvdSO7XR2v2pg==",
      "requires": {
        "@polymer/polymer": "^3.0.0"
      }
    },
    "@polymer/iron-flex-layout": {
      "version": "3.0.1",
      "resolved": "https://registry.npmjs.org/@polymer/iron-flex-layout/-/iron-flex-layout-3.0.1.tgz",
      "integrity": "sha512-7gB869czArF+HZcPTVSgvA7tXYFze9EKckvM95NB7SqYF+NnsQyhoXgKnpFwGyo95lUjUW9TFDLUwDXnCYFtkw==",
      "requires": {
        "@polymer/polymer": "^3.0.0"
      }
    },
    "@polymer/iron-form-element-behavior": {
      "version": "3.0.1",
      "resolved": "https://registry.npmjs.org/@polymer/iron-form-element-behavior/-/iron-form-element-behavior-3.0.1.tgz",
      "integrity": "sha512-G/e2KXyL5AY7mMjmomHkGpgS0uAf4ovNpKhkuUTRnMuMJuf589bKqE85KN4ovE1Tzhv2hJoh/igyD6ekHiYU1A==",
      "requires": {
        "@polymer/polymer": "^3.0.0"
      }
    },
    "@polymer/iron-icon": {
      "version": "3.0.1",
      "resolved": "https://registry.npmjs.org/@polymer/iron-icon/-/iron-icon-3.0.1.tgz",
      "integrity": "sha512-QLPwirk+UPZNaLnMew9VludXA4CWUCenRewgEcGYwdzVgDPCDbXxy6vRJjmweZobMQv/oVLppT2JZtJFnPxX6g==",
      "requires": {
        "@polymer/iron-flex-layout": "^3.0.0-pre.26",
        "@polymer/iron-meta": "^3.0.0-pre.26",
        "@polymer/polymer": "^3.0.0"
      }
    },
    "@polymer/iron-iconset-svg": {
      "version": "3.0.1",
      "resolved": "https://registry.npmjs.org/@polymer/iron-iconset-svg/-/iron-iconset-svg-3.0.1.tgz",
      "integrity": "sha512-XNwURbNHRw6u2fJe05O5fMYye6GSgDlDqCO+q6K1zAnKIrpgZwf2vTkBd5uCcZwsN0FyCB3mvNZx4jkh85dRDw==",
      "requires": {
        "@polymer/iron-meta": "^3.0.0-pre.26",
        "@polymer/polymer": "^3.0.0"
      }
    },
    "@polymer/iron-input": {
      "version": "3.0.1",
      "resolved": "https://registry.npmjs.org/@polymer/iron-input/-/iron-input-3.0.1.tgz",
      "integrity": "sha512-WLx13kEcbH9GKbj9+pWR6pbJkA5kxn3796ynx6eQd2rueMyUfVTR3GzOvadBKsciUuIuzrxpBWZ2+3UcueVUQQ==",
      "requires": {
        "@polymer/iron-a11y-announcer": "^3.0.0-pre.26",
        "@polymer/iron-validatable-behavior": "^3.0.0-pre.26",
        "@polymer/polymer": "^3.0.0"
      }
    },
    "@polymer/iron-menu-behavior": {
      "version": "3.0.2",
      "resolved": "https://registry.npmjs.org/@polymer/iron-menu-behavior/-/iron-menu-behavior-3.0.2.tgz",
      "integrity": "sha512-8dpASkFNBIkxAJWsFLWIO1M7tKM0+wKs3PqdeF/dDdBciwoaaFgC2K1XCZFZnbe2t9/nJgemXxVugGZAWpYCGg==",
      "requires": {
        "@polymer/iron-a11y-keys-behavior": "^3.0.0-pre.26",
        "@polymer/iron-flex-layout": "^3.0.0-pre.26",
        "@polymer/iron-selector": "^3.0.0-pre.26",
        "@polymer/polymer": "^3.0.0"
      }
    },
    "@polymer/iron-meta": {
      "version": "3.0.1",
      "resolved": "https://registry.npmjs.org/@polymer/iron-meta/-/iron-meta-3.0.1.tgz",
      "integrity": "sha512-pWguPugiLYmWFV9UWxLWzZ6gm4wBwQdDy4VULKwdHCqR7OP7u98h+XDdGZsSlDPv6qoryV/e3tGHlTIT0mbzJA==",
      "requires": {
        "@polymer/polymer": "^3.0.0"
      }
    },
    "@polymer/iron-overlay-behavior": {
      "version": "3.0.3",
      "resolved": "https://registry.npmjs.org/@polymer/iron-overlay-behavior/-/iron-overlay-behavior-3.0.3.tgz",
      "integrity": "sha512-Q/Fp0+uOQQ145ebZ7T8Cxl4m1tUKYjyymkjcL2rXUm+aDQGb1wA1M1LYxUF5YBqd+9lipE0PTIiYwA2ZL/sznA==",
      "requires": {
        "@polymer/iron-a11y-keys-behavior": "^3.0.0-pre.26",
        "@polymer/iron-fit-behavior": "^3.0.0-pre.26",
        "@polymer/iron-resizable-behavior": "^3.0.0-pre.26",
        "@polymer/polymer": "^3.0.0"
      }
    },
    "@polymer/iron-resizable-behavior": {
      "version": "3.0.1",
      "resolved": "https://registry.npmjs.org/@polymer/iron-resizable-behavior/-/iron-resizable-behavior-3.0.1.tgz",
      "integrity": "sha512-FyHxRxFspVoRaeZSWpT3y0C9awomb4tXXolIJcZ7RvXhMP632V5lez+ch5G5SwK0LpnAPkg35eB0LPMFv+YMMQ==",
      "requires": {
        "@polymer/polymer": "^3.0.0"
      }
    },
    "@polymer/iron-selector": {
      "version": "3.0.1",
      "resolved": "https://registry.npmjs.org/@polymer/iron-selector/-/iron-selector-3.0.1.tgz",
      "integrity": "sha512-sBVk2uas6prW0glUe2xEJJYlvxmYzM40Au9OKbfDK2Qekou/fLKcBRyIYI39kuI8zWRaip8f3CI8qXcUHnKb1A==",
      "requires": {
        "@polymer/polymer": "^3.0.0"
      }
    },
    "@polymer/iron-validatable-behavior": {
      "version": "3.0.1",
      "resolved": "https://registry.npmjs.org/@polymer/iron-validatable-behavior/-/iron-validatable-behavior-3.0.1.tgz",
      "integrity": "sha512-wwpYh6wOa4fNI+jH5EYKC7TVPYQ2OfgQqocWat7GsNWcsblKYhLYbwsvEY5nO0n2xKqNfZzDLrUom5INJN7msQ==",
      "requires": {
        "@polymer/iron-meta": "^3.0.0-pre.26",
        "@polymer/polymer": "^3.0.0"
      }
    },
    "@polymer/neon-animation": {
      "version": "3.0.1",
      "resolved": "https://registry.npmjs.org/@polymer/neon-animation/-/neon-animation-3.0.1.tgz",
      "integrity": "sha512-cDDc0llpVCe0ATbDS3clDthI54Bc8YwZIeTGGmBJleKOvbRTUC5+ssJmRL+VwVh+VM5FlnQlx760ppftY3uprg==",
      "requires": {
        "@polymer/iron-resizable-behavior": "^3.0.0-pre.26",
        "@polymer/iron-selector": "^3.0.0-pre.26",
        "@polymer/polymer": "^3.0.0"
      }
    },
    "@polymer/paper-behaviors": {
      "version": "3.0.1",
      "resolved": "https://registry.npmjs.org/@polymer/paper-behaviors/-/paper-behaviors-3.0.1.tgz",
      "integrity": "sha512-6knhj69fPJejv8qR0kCSUY+Q0XjaUf0OSnkjRjmTJPAwSrRYtgqE+l6P1FfA+py1X/cUjgne9EF5rMZAKJIg1g==",
      "requires": {
        "@polymer/iron-behaviors": "^3.0.0-pre.26",
        "@polymer/iron-checked-element-behavior": "^3.0.0-pre.26",
        "@polymer/paper-ripple": "^3.0.0-pre.26",
        "@polymer/polymer": "^3.0.0"
      }
    },
    "@polymer/paper-button": {
      "version": "3.0.1",
      "resolved": "https://registry.npmjs.org/@polymer/paper-button/-/paper-button-3.0.1.tgz",
      "integrity": "sha512-JRNBc+Oj9EWnmyLr7FcCr8T1KAnEHPh6mosln9BUdkM+qYaYsudSICh3cjTIbnj6AuF5OJidoLkM1dlyj0j6Zg==",
      "requires": {
        "@polymer/iron-flex-layout": "^3.0.0-pre.26",
        "@polymer/paper-behaviors": "^3.0.0-pre.27",
        "@polymer/paper-styles": "^3.0.0-pre.26",
        "@polymer/polymer": "^3.0.0"
      }
    },
    "@polymer/paper-dialog": {
      "version": "3.0.1",
      "resolved": "https://registry.npmjs.org/@polymer/paper-dialog/-/paper-dialog-3.0.1.tgz",
      "integrity": "sha512-KvglYbEq7AWJvui2j6WKLnOvgVMeGjovAydGrPRj7kVzCiD49Eq/hpYFJTRV5iDcalWH+mORUpw+jrFnG9+Kgw==",
      "requires": {
        "@polymer/iron-overlay-behavior": "^3.0.0-pre.27",
        "@polymer/neon-animation": "^3.0.0-pre.26",
        "@polymer/paper-dialog-behavior": "^3.0.0-pre.26",
        "@polymer/polymer": "^3.0.0"
      }
    },
    "@polymer/paper-dialog-behavior": {
      "version": "3.0.1",
      "resolved": "https://registry.npmjs.org/@polymer/paper-dialog-behavior/-/paper-dialog-behavior-3.0.1.tgz",
      "integrity": "sha512-wbI4kCK8le/9MHT+IXzvHjoatxf3kd3Yn0tgozAiAwfSZ7N4Ubpi5MHrK0m9S9PeIxKokAgBYdTUrezSE5378A==",
      "requires": {
        "@polymer/iron-overlay-behavior": "^3.0.0-pre.27",
        "@polymer/paper-styles": "^3.0.0-pre.26",
        "@polymer/polymer": "^3.0.0"
      }
    },
    "@polymer/paper-dialog-scrollable": {
      "version": "3.0.1",
      "resolved": "https://registry.npmjs.org/@polymer/paper-dialog-scrollable/-/paper-dialog-scrollable-3.0.1.tgz",
      "integrity": "sha512-1E8B9kNdL58jUrJ/BwqJeOoNVcxNrB559z//d1V0rVHWT5bWCCZegwS3G06iFK5MjxWFbIKzleVTLrT0opiZkA==",
      "requires": {
        "@polymer/iron-flex-layout": "^3.0.0-pre.26",
        "@polymer/paper-dialog-behavior": "^3.0.0-pre.26",
        "@polymer/paper-styles": "^3.0.0-pre.26",
        "@polymer/polymer": "^3.0.0"
      }
    },
    "@polymer/paper-icon-button": {
      "version": "3.0.2",
      "resolved": "https://registry.npmjs.org/@polymer/paper-icon-button/-/paper-icon-button-3.0.2.tgz",
      "integrity": "sha512-kOdxQgnKL097bggFF6PWvsBYuWg+MCcoHoTHX6bh/MuZoWFZNjrFntFqwuB4oEbpjCpfm4moA33muPJFj7CihQ==",
      "requires": {
        "@polymer/iron-icon": "^3.0.0-pre.26",
        "@polymer/paper-behaviors": "^3.0.0-pre.27",
        "@polymer/paper-styles": "^3.0.0-pre.26",
        "@polymer/polymer": "^3.0.0"
      }
    },
    "@polymer/paper-input": {
      "version": "3.2.1",
      "resolved": "https://registry.npmjs.org/@polymer/paper-input/-/paper-input-3.2.1.tgz",
      "integrity": "sha512-6ghgwQKM6mS0hAQxQqj+tkeEY1VUBqAsrasAm8V5RpNcfSWQC/hhRFxU0beGuKTAhndzezDzWYP6Zz4b8fExGg==",
      "requires": {
        "@polymer/iron-a11y-keys-behavior": "^3.0.0-pre.26",
        "@polymer/iron-autogrow-textarea": "^3.0.0-pre.26",
        "@polymer/iron-behaviors": "^3.0.0-pre.26",
        "@polymer/iron-form-element-behavior": "^3.0.0-pre.26",
        "@polymer/iron-input": "^3.0.0-pre.26",
        "@polymer/paper-styles": "^3.0.0-pre.26",
        "@polymer/polymer": "^3.0.0"
      }
    },
    "@polymer/paper-item": {
      "version": "3.0.1",
      "resolved": "https://registry.npmjs.org/@polymer/paper-item/-/paper-item-3.0.1.tgz",
      "integrity": "sha512-KTk2N+GsYiI/HuubL3sxebZ6tteQbBOAp4QVLAnbjSPmwl+mJSDWk+omuadesU0bpkCwaWVs3fHuQsmXxy4pkw==",
      "requires": {
        "@polymer/iron-behaviors": "^3.0.0-pre.26",
        "@polymer/iron-flex-layout": "^3.0.0-pre.26",
        "@polymer/paper-styles": "^3.0.0-pre.26",
        "@polymer/polymer": "^3.0.0"
      }
    },
    "@polymer/paper-listbox": {
      "version": "3.0.1",
      "resolved": "https://registry.npmjs.org/@polymer/paper-listbox/-/paper-listbox-3.0.1.tgz",
      "integrity": "sha512-vMLWFpYcggAPmEDBmK+96fFefacOG3GLB1EguTn8+ZkqI+328hNfw1MzHjH68rgCIIUtjmm+9qgB1Sy/MN0a/A==",
      "requires": {
        "@polymer/iron-behaviors": "^3.0.0-pre.26",
        "@polymer/iron-menu-behavior": "^3.0.0-pre.26",
        "@polymer/paper-styles": "^3.0.0-pre.26",
        "@polymer/polymer": "^3.0.0"
      }
    },
    "@polymer/paper-ripple": {
      "version": "3.0.2",
      "resolved": "https://registry.npmjs.org/@polymer/paper-ripple/-/paper-ripple-3.0.2.tgz",
      "integrity": "sha512-DnLNvYIMsiayeICroYxx6Q6Hg1cUU8HN2sbutXazlemAlGqdq80qz3TIaVdbpbt/pvjcFGX2HtntMlPstCge8Q==",
      "requires": {
        "@polymer/iron-a11y-keys-behavior": "^3.0.0-pre.26",
        "@polymer/polymer": "^3.0.0"
      }
    },
    "@polymer/paper-styles": {
      "version": "3.0.1",
      "resolved": "https://registry.npmjs.org/@polymer/paper-styles/-/paper-styles-3.0.1.tgz",
      "integrity": "sha512-y6hmObLqlCx602TQiSBKHqjwkE7xmDiFkoxdYGaNjtv4xcysOTdVJsDR/R9UHwIaxJ7gHlthMSykir1nv78++g==",
      "requires": {
        "@polymer/font-roboto": "^3.0.1",
        "@polymer/iron-flex-layout": "^3.0.0-pre.26",
        "@polymer/polymer": "^3.0.0"
      }
    },
    "@polymer/paper-tabs": {
      "version": "3.1.0",
      "resolved": "https://registry.npmjs.org/@polymer/paper-tabs/-/paper-tabs-3.1.0.tgz",
      "integrity": "sha512-t8G+3CiyI0R+wA077UNQXR/oG9GlsqRRO1KMsFHHjBSsYqWXghNsqxUG827wEj+PafI5u9tZ3vVt1S++Lg4B2g==",
      "requires": {
        "@polymer/iron-behaviors": "^3.0.0-pre.26",
        "@polymer/iron-flex-layout": "^3.0.0-pre.26",
        "@polymer/iron-icon": "^3.0.0-pre.26",
        "@polymer/iron-iconset-svg": "^3.0.0-pre.26",
        "@polymer/iron-menu-behavior": "^3.0.0-pre.26",
        "@polymer/iron-resizable-behavior": "^3.0.0-pre.26",
        "@polymer/paper-behaviors": "^3.0.0-pre.27",
        "@polymer/paper-icon-button": "^3.0.0-pre.26",
        "@polymer/paper-styles": "^3.0.0-pre.26",
        "@polymer/polymer": "^3.0.0"
      }
    },
    "@polymer/paper-toggle-button": {
      "version": "3.0.1",
      "resolved": "https://registry.npmjs.org/@polymer/paper-toggle-button/-/paper-toggle-button-3.0.1.tgz",
      "integrity": "sha512-jadZB60fycT7YnSAH0H23LYo6/2HYmMZTtNr9LpdSIRFPLX6mqqxewex92cFz019bMKaRJgORn308hRlJo2u6A==",
      "requires": {
        "@polymer/iron-checked-element-behavior": "^3.0.0-pre.26",
        "@polymer/paper-behaviors": "^3.0.0-pre.27",
        "@polymer/paper-styles": "^3.0.0-pre.26",
        "@polymer/polymer": "^3.0.0"
      }
    },
    "@polymer/polymer": {
      "version": "3.4.1",
      "resolved": "https://registry.npmjs.org/@polymer/polymer/-/polymer-3.4.1.tgz",
      "integrity": "sha512-KPWnhDZibtqKrUz7enIPOiO4ZQoJNOuLwqrhV2MXzIt3VVnUVJVG5ORz4Z2sgO+UZ+/UZnPD0jqY+jmw/+a9mQ==",
      "requires": {
        "@webcomponents/shadycss": "^1.9.1"
      }
    },
    "@webcomponents/shadycss": {
      "version": "1.9.4",
      "resolved": "https://registry.npmjs.org/@webcomponents/shadycss/-/shadycss-1.9.4.tgz",
      "integrity": "sha512-tgNcVEaKssyeZPbUBjVQf4aryO5Fi7fxRvOxV982ZJuRVDcefmIblBh0SXAbcvAAlQ2zpNEP4SuQUnr8uApIpw=="
    },
    "@webcomponents/webcomponentsjs": {
      "version": "1.3.3",
      "resolved": "https://registry.npmjs.org/@webcomponents/webcomponentsjs/-/webcomponentsjs-1.3.3.tgz",
      "integrity": "sha512-eLH04VBMpuZGzBIhOnUjECcQPEPcmfhWEijW9u1B5I+2PPYdWf3vWUExdDxu4Y3GljRSTCOlWnGtS9tpzmXMyQ=="
    },
    "ba-linkify": {
      "version": "file:../../lib/ba-linkify/src"
    },
    "isarray": {
      "version": "0.0.1",
      "resolved": "https://registry.npmjs.org/isarray/-/isarray-0.0.1.tgz",
      "integrity": "sha1-ihis/Kmo9Bd+Cav8YDiTmwXR7t8="
    },
    "lit-element": {
      "version": "2.4.0",
      "resolved": "https://registry.npmjs.org/lit-element/-/lit-element-2.4.0.tgz",
      "integrity": "sha512-pBGLglxyhq/Prk2H91nA0KByq/hx/wssJBQFiYqXhGDvEnY31PRGYf1RglVzyLeRysu0IHm2K0P196uLLWmwFg==",
      "requires": {
        "lit-html": "^1.1.1"
      }
    },
    "lit-html": {
      "version": "1.3.0",
      "resolved": "https://registry.npmjs.org/lit-html/-/lit-html-1.3.0.tgz",
      "integrity": "sha512-0Q1bwmaFH9O14vycPHw8C/IeHMk/uSDldVLIefu/kfbTBGIc44KGH6A8p1bDfxUfHdc8q6Ct7kQklWoHgr4t1Q=="
    },
    "page": {
      "version": "1.11.5",
      "resolved": "https://registry.npmjs.org/page/-/page-1.11.5.tgz",
      "integrity": "sha512-0JXUHc7Y8p1cPJQbhZSwaKO3p+bU3Rgny+OM5gJMKHWHvJKan/fsE5RUzEjRQolv9DzPOSVWfSOHz0lLxK19eA==",
      "requires": {
        "path-to-regexp": "~1.2.1"
      }
    },
    "path-to-regexp": {
      "version": "1.2.1",
      "resolved": "https://registry.npmjs.org/path-to-regexp/-/path-to-regexp-1.2.1.tgz",
      "integrity": "sha1-szcFwUAjTYc8hyHHuf2LVB7Tr/k=",
      "requires": {
        "isarray": "0.0.1"
      }
    },
    "polymer-bridges": {
      "version": "file:../../polymer-bridges"
    },
    "polymer-resin": {
      "version": "2.0.1",
      "resolved": "https://registry.npmjs.org/polymer-resin/-/polymer-resin-2.0.1.tgz",
      "integrity": "sha512-Vak/4JiuToOKzvvjzcpISoFAlI7AwbOk79bZhqWNAZcqdzqEeFwos5hytjLV90d00TzVbff1LREaFpWR35zOjg==",
      "requires": {
        "@polymer/polymer": "^3.0.2",
        "@webcomponents/webcomponentsjs": "^2.0.3"
      },
      "dependencies": {
        "@webcomponents/webcomponentsjs": {
          "version": "2.5.0",
          "resolved": "https://registry.npmjs.org/@webcomponents/webcomponentsjs/-/webcomponentsjs-2.5.0.tgz",
          "integrity": "sha512-C0l51MWQZ9kLzcxOZtniOMohpIFdCLZum7/TEHv3XWFc1Fvt5HCpbSX84x8ltka/JuNKcuiDnxXFkiB2gaePcg=="
        }
      }
    },
    "rxjs": {
      "version": "6.6.2",
      "resolved": "https://registry.npmjs.org/rxjs/-/rxjs-6.6.2.tgz",
      "integrity": "sha512-BHdBMVoWC2sL26w//BCu3YzKT4s2jip/WhwsGEDmeKYBhKDZeYezVUnHatYB7L85v5xs0BAQmg6BEYJEKxBabg==",
      "requires": {
        "tslib": "^1.9.0"
      },
      "dependencies": {
        "tslib": {
          "version": "1.14.1",
          "resolved": "https://registry.npmjs.org/tslib/-/tslib-1.14.1.tgz",
          "integrity": "sha512-Xni35NKzjgMrwevysHTCArtLDpPvye8zV/0E4EyYn43P7/7qvQwPh9BGkHewbMulVntbigmcT7rdX3BNo9wRJg=="
        }
      }
    },
    "shadow-selection-polyfill": {
      "version": "1.1.0",
      "resolved": "https://registry.npmjs.org/shadow-selection-polyfill/-/shadow-selection-polyfill-1.1.0.tgz",
      "integrity": "sha512-ntz8P6DLEFpx7gikeXZ4gSi3APE2D+BP0rKnnaBzED+Lm8je8nkNcayy6kGWPEDWMFbtm+Yvd1ONFaXcsVWn2w=="
    },
    "tslib": {
      "version": "2.1.0",
      "resolved": "https://registry.npmjs.org/tslib/-/tslib-2.1.0.tgz",
      "integrity": "sha512-hcVC3wYEziELGGmEEXue7D75zbwIIVUMWAVbHItGPx0ziyXxrOMQx4rQEVEV45Ut/1IotuEvwqPopzIOkDMf0A=="
    }
  }
}
