# THIS IS AN AUTOGENERATED FILE. DO NOT EDIT THIS FILE DIRECTLY.
# yarn lockfile v1


"@lit-labs/ssr-dom-shim@^1.4.0":
  version "1.4.0"
  resolved "https://registry.npmjs.org/@lit-labs/ssr-dom-shim/-/ssr-dom-shim-1.4.0.tgz"
  integrity sha512-ficsEARKnmmW5njugNYKipTm4SFnbik7CXtoencDZzmzo/dQ+2Q0bgkzJuoJP20Aj0F+izzJjOqsnkd6F/o1bw==

"@lit/reactive-element@^2.1.0":
  version "2.1.1"
  resolved "https://registry.npmjs.org/@lit/reactive-element/-/reactive-element-2.1.1.tgz"
  integrity sha512-N+dm5PAYdQ8e6UlywyyrgI2t++wFGXfHx+dSJ1oBrg6FAxUj40jId++EaRm80MKX5JnlH1sBsyZ5h0bcZKemCg==
  dependencies:
    "@lit-labs/ssr-dom-shim" "^1.4.0"

"@material/web@^2.4.1":
  version "2.4.1"
  resolved "https://registry.npmjs.org/@material/web/-/web-2.4.1.tgz"
  integrity sha512-0sk9t25acJ72Qv3r0n9r0lgDbPaAKnpm0p+QmEAAwYyZomHxuVbgrrAdtNXaRm7jFyGh+WsTr8bhtvCnpPRFjw==
  dependencies:
    lit "^2.8.0 || ^3.0.0"
    tslib "^2.4.0"

"@polymer/decorators@^3.0.0":
  version "3.0.0"
  resolved "https://registry.npmjs.org/@polymer/decorators/-/decorators-3.0.0.tgz"
  integrity sha512-qh+VID9nDV9q3ABvIfWgm7/+udl7v2HKsMLPXFm8tj1fI7qr7yWJMFwS3xWBkMmuNPtmkS8MDP0vqLAQIEOWzg==
  dependencies:
    "@polymer/polymer" "^3.0.5"

"@polymer/font-roboto-local@^3.0.2":
  version "3.0.2"
  resolved "https://registry.npmjs.org/@polymer/font-roboto-local/-/font-roboto-local-3.0.2.tgz"
  integrity sha512-mCd9TcjwnCxU+7uVHCkbREGU+OmzStvYh3ru5DSaftOQDnMrLAzernEv/QCcfSPRgTMHij+pIUN4tcaGeDGcYg==

"@polymer/polymer@^3.0.2", "@polymer/polymer@^3.0.5", "@polymer/polymer@3.5.2":
  version "3.5.2"
  resolved "https://registry.npmjs.org/@polymer/polymer/-/polymer-3.5.2.tgz"
  integrity sha512-fWwImY/UH4bb2534DVSaX+Azs2yKg8slkMBHOyGeU2kKx7Xmxp6Lee0jP8p6B3d7c1gFUPB2Z976dTUtX81pQA==
  dependencies:
    "@webcomponents/shadycss" "^1.9.1"

"@types/resemblejs@^4.1.3":
  version "4.1.3"
  resolved "https://registry.npmjs.org/@types/resemblejs/-/resemblejs-4.1.3.tgz"
  integrity sha512-p0NA5aACdWCK+I4NJbwUvFoixwYxvfLu+UqaiZt/J3+3PJavMYOxRrdbeXbbiKiMGdKdDFjoxlFWkkaMU7SDxA==

"@types/resize-observer-browser@^0.1.11":
  version "0.1.11"
  resolved "https://registry.npmjs.org/@types/resize-observer-browser/-/resize-observer-browser-0.1.11.tgz"
  integrity sha512-cNw5iH8JkMkb3QkCoe7DaZiawbDQEUX8t7iuQaRTyLOyQCR2h+ibBD4GJt7p5yhUHrlOeL7ZtbxNHeipqNsBzQ==

"@types/trusted-types@^2.0.2":
  version "2.0.7"
  resolved "https://registry.npmjs.org/@types/trusted-types/-/trusted-types-2.0.7.tgz"
  integrity sha512-ScaPdn1dQczgbl0QFTeTOmVHFULt394XJgOQNoyVhZ6r2vLnMLJfBPd53SB52T/3G36VI1/g2MZaX0cwDuXsfw==

"@webcomponents/shadycss@^1.11.2", "@webcomponents/shadycss@^1.9.1":
  version "1.11.2"
  resolved "https://registry.npmjs.org/@webcomponents/shadycss/-/shadycss-1.11.2.tgz"
  integrity sha512-vRq+GniJAYSBmTRnhCYPAPq6THYqovJ/gzGThWbgEZUQaBccndGTi1hdiUP15HzEco0I6t4RCtXyX0rsSmwgPw==

"@webcomponents/webcomponentsjs@^2.0.3":
  version "2.8.0"
  resolved "https://registry.npmjs.org/@webcomponents/webcomponentsjs/-/webcomponentsjs-2.8.0.tgz"
  integrity sha512-loGD63sacRzOzSJgQnB9ZAhaQGkN7wl2Zuw7tsphI5Isa0irijrRo6EnJii/GgjGefIFO8AIO7UivzRhFaEk9w==

base64-js@^1.3.1:
  version "1.5.1"
  resolved "https://registry.npmjs.org/base64-js/-/base64-js-1.5.1.tgz"
  integrity sha512-AKpaYlHn8t4SVbOHCy+b5+KKgvR4vrsD8vbvrbiQJps7fKDTkjkDry6ji0rUJjC0kzbNePLwzxq8iypo41qeWA==

bl@^4.0.3:
  version "4.1.0"
  resolved "https://registry.npmjs.org/bl/-/bl-4.1.0.tgz"
  integrity sha512-1W07cM9gS6DcLperZfFSj+bWLtaPGSOHWhPiGzXmvVJbRLdG82sH/Kn8EtW1VqWVA54AKf2h5k5BbnIbwF3h6w==
  dependencies:
    buffer "^5.5.0"
    inherits "^2.0.4"
    readable-stream "^3.4.0"

buffer@^5.5.0:
  version "5.7.1"
  resolved "https://registry.npmjs.org/buffer/-/buffer-5.7.1.tgz"
  integrity sha512-EHcyIPBQ4BSGlvjB16k5KgAJ27CIsHY/2JBmCRReo48y9rQ3MaUzWX3KVlBa4U7MyX02HdVj0K7C3WaB3ju7FQ==
  dependencies:
    base64-js "^1.3.1"
    ieee754 "^1.1.13"

canvas@3.2.0:
  version "3.2.0"
  resolved "https://registry.npmjs.org/canvas/-/canvas-3.2.0.tgz"
  integrity sha512-jk0GxrLtUEmW/TmFsk2WghvgHe8B0pxGilqCL21y8lHkPUGa6FTsnCNtHPOzT8O3y+N+m3espawV80bbBlgfTA==
  dependencies:
    node-addon-api "^7.0.0"
    prebuild-install "^7.1.3"

chownr@^1.1.1:
  version "1.1.4"
  resolved "https://registry.npmjs.org/chownr/-/chownr-1.1.4.tgz"
  integrity sha512-jJ0bqzaylmJtVnNgzTeSOs8DPavpbYgEr/b0YL8/2GO3xJEhInFmhKMUnEJQjZumK7KXGFhUy89PrsJWlakBVg==

decompress-response@^6.0.0:
  version "6.0.0"
  resolved "https://registry.npmjs.org/decompress-response/-/decompress-response-6.0.0.tgz"
  integrity sha512-aW35yZM6Bb/4oJlZncMH2LCoZtJXTRxES17vE3hoRiowU2kWHaJKFkSBDnDR+cm9J+9QhXmREyIfv0pji9ejCQ==
  dependencies:
    mimic-response "^3.1.0"

deep-extend@^0.6.0:
  version "0.6.0"
  resolved "https://registry.npmjs.org/deep-extend/-/deep-extend-0.6.0.tgz"
  integrity sha512-LOHxIOaPYdHlJRtCQfDIVZtfw/ufM8+rVj649RIHzcm/vGwQRXFt6OPqIFWsm2XEMrNIEtWR64sY1LEKD2vAOA==

detect-libc@^2.0.0:
  version "2.1.2"
  resolved "https://registry.npmjs.org/detect-libc/-/detect-libc-2.1.2.tgz"
  integrity sha512-Btj2BOOO83o3WyH59e8MgXsxEQVcarkUOpEYrubB0urwnN10yQ364rsiByU11nZlqWYZm05i/of7io4mzihBtQ==

end-of-stream@^1.1.0, end-of-stream@^1.4.1:
  version "1.4.5"
  resolved "https://registry.npmjs.org/end-of-stream/-/end-of-stream-1.4.5.tgz"
  integrity sha512-ooEGc6HP26xXq/N+GCGOT0JKCLDGrq2bQUZrQ7gyrJiZANJ/8YDTxTpQBXGMn+WbIQXNVpyWymm7KYVICQnyOg==
  dependencies:
    once "^1.4.0"

expand-template@^2.0.3:
  version "2.0.3"
  resolved "https://registry.npmjs.org/expand-template/-/expand-template-2.0.3.tgz"
  integrity sha512-XYfuKMvj4O35f/pOXLObndIRvyQ+/+6AhODh+OKWj9S9498pHHn/IMszH+gt0fBCRWMNfk1ZSp5x3AifmnI2vg==

fs-constants@^1.0.0:
  version "1.0.0"
  resolved "https://registry.npmjs.org/fs-constants/-/fs-constants-1.0.0.tgz"
  integrity sha512-y6OAwoSIf7FyjMIv94u+b5rdheZEjzR63GTyZJm5qh4Bi+2YgwLCcI/fPFZkL5PSixOt6ZNKm+w+Hfp/Bciwow==

github-from-package@0.0.0:
  version "0.0.0"
  resolved "https://registry.npmjs.org/github-from-package/-/github-from-package-0.0.0.tgz"
  integrity sha512-SyHy3T1v2NUXn29OsWdxmK6RwHD+vkj3v8en8AOBZ1wBQ/hCAQ5bAQTD02kW4W9tUp/3Qh6J8r9EvntiyCmOOw==

highlight.js@^10.4.1:
  version "10.7.3"
  resolved "https://registry.npmjs.org/highlight.js/-/highlight.js-10.7.3.tgz"
  integrity sha512-tzcUFauisWKNHaRkN4Wjl/ZA07gENAjFl3J/c480dprkGTg5EQstgaNFqBfUqCq54kZRIEcreTsAgF/m2quD7A==

highlight.js@^11.11.1, highlight.js@^11.9.0, "highlight.js@^11.9.0 || ^10.4.1":
  version "11.11.1"
  resolved "https://registry.npmjs.org/highlight.js/-/highlight.js-11.11.1.tgz"
  integrity sha512-Xwwo44whKBVCYoliBQwaPvtd/2tYFkRQtXDWj1nackaV2JPXx3L0+Jvd8/qCJ2p+ML0/XVkJ2q+Mr+UVdpJK5w==

"highlightjs-closure-templates@https://github.com/highlightjs/highlightjs-closure-templates#02fb0646e0499084f96a99b8c6f4a0d7bd1d33ba":
  version "0.0.1"
  resolved "git+ssh://git@github.com/highlightjs/highlightjs-closure-templates.git#02fb0646e0499084f96a99b8c6f4a0d7bd1d33ba"
  integrity sha512-LlzEFHFMn0UM9NFHduYn3C62o8VEsiTKcLyqypWTsnQj3P6e43NVK/D99IgSEu89HYTcIQ4B1WgfD/6UGGmTwQ==
  dependencies:
    highlight.js "^11.9.0 || ^10.4.1"

"highlightjs-epp@https://github.com/highlightjs/highlightjs-epp#9f9e1a92f37c217c68899c7d3bdccb4d134681b9":
  version "0.0.1"
  resolved "git+ssh://git@github.com/highlightjs/highlightjs-epp.git#9f9e1a92f37c217c68899c7d3bdccb4d134681b9"
  integrity sha512-0t5h0u9gWYR5li0VDKAGXMXSndXyJqeOnNMPayJ2U2+w844WgICKzUz/vMFbf/uIQIN4U+Dz1Eyp7Echcrv7LA==
  dependencies:
    highlight.js "^11.9.0"

"highlightjs-structured-text@https://github.com/highlightjs/highlightjs-structured-text#e68dd7aa829529fb6c40d6287585f43273605a9e":
  version "1.4.9"
  resolved "git+ssh://git@github.com/highlightjs/highlightjs-structured-text.git#e68dd7aa829529fb6c40d6287585f43273605a9e"
  integrity sha512-O+xmNPCclv2pY6hgJNPBaOccpWR3IeXJCSiempwbva6MIjp5pSRSaUA2/In2qHnhvW3OCfwzDgJKv7eqTIKBhw==
  dependencies:
    highlight.js "^10.4.1"

"highlightjs-vue@https://github.com/paladox/highlightjs-vue#44eed074ea0110d1ad03d2cbd77d27027cf7bb04":
  version "1.1.0"
  resolved "git+ssh://git@github.com/paladox/highlightjs-vue.git#44eed074ea0110d1ad03d2cbd77d27027cf7bb04"
  integrity sha512-YnAvqyxOaO7X1/P1MzEmsf45oRPUhzGbXb65szz8y2yj9II1wmu3/Pe+mzmGPQ7cBD19ZlDwBrivR6PITidkdQ==

ieee754@^1.1.13:
  version "1.2.1"
  resolved "https://registry.npmjs.org/ieee754/-/ieee754-1.2.1.tgz"
  integrity sha512-dcyqhDvX1C46lXZcVqCpK+FtMRQVdIMN6/Df5js2zouUsqG7I6sFxitIC+7KYK29KdXOLHdu9zL4sFnoVQnqaA==

immer@^9.0.21:
  version "9.0.21"
  resolved "https://registry.npmjs.org/immer/-/immer-9.0.21.tgz"
  integrity sha512-bc4NBHqOqSfRW7POMkHd51LvClaeMXpm8dx0e8oE2GORbq5aRK7Bxl4FyzVLdGtLmvLKL7BTDBG5ACQm4HWjTA==

inherits@^2.0.3, inherits@^2.0.4:
  version "2.0.4"
  resolved "https://registry.npmjs.org/inherits/-/inherits-2.0.4.tgz"
  integrity sha512-k/vGaX4/Yla3WzyMCvTQOXYeIHvqOKtnqBduzTHpzpQZzAskKMhZ2K+EnBiSM9zGSoIFeMpXKxa4dYeZIQqewQ==

ini@~1.3.0:
  version "1.3.8"
  resolved "https://registry.npmjs.org/ini/-/ini-1.3.8.tgz"
  integrity sha512-JV/yugV2uzW5iMRSiZAyDtQd+nxtUnjeLt0acNdw98kKLrvuRVyB80tsREOE7yvGVgalhZ6RNXCmEHkUKBKxew==

lit-element@^4.2.0:
  version "4.2.1"
  resolved "https://registry.npmjs.org/lit-element/-/lit-element-4.2.1.tgz"
  integrity sha512-WGAWRGzirAgyphK2urmYOV72tlvnxw7YfyLDgQ+OZnM9vQQBQnumQ7jUJe6unEzwGU3ahFOjuz1iz1jjrpCPuw==
  dependencies:
    "@lit-labs/ssr-dom-shim" "^1.4.0"
    "@lit/reactive-element" "^2.1.0"
    lit-html "^3.3.0"

lit-html@^3.3.0:
  version "3.3.1"
  resolved "https://registry.npmjs.org/lit-html/-/lit-html-3.3.1.tgz"
  integrity sha512-S9hbyDu/vs1qNrithiNyeyv64c9yqiW9l+DBgI18fL+MTvOtWoFR0FWiyq1TxaYef5wNlpEmzlXoBlZEO+WjoA==
  dependencies:
    "@types/trusted-types" "^2.0.2"

"lit@^2.8.0 || ^3.0.0", lit@^3.3.1:
  version "3.3.1"
  resolved "https://registry.npmjs.org/lit/-/lit-3.3.1.tgz"
  integrity sha512-Ksr/8L3PTapbdXJCk+EJVB78jDodUMaP54gD24W186zGRARvwrsPfS60wae/SSCTCNZVPd1chXqio1qHQmu4NA==
  dependencies:
    "@lit/reactive-element" "^2.1.0"
    lit-element "^4.2.0"
    lit-html "^3.3.0"

marked@^18.0.3:
  version "18.0.3"
  resolved "https://registry.npmjs.org/marked/-/marked-18.0.3.tgz"
  integrity sha512-7VT90JOkDeaRWpfjOReRGPEKn0ecdARBkDGL+tT1wZY0efPPqkUxLUSmzy/C7TIylQYJC9STISEsCHrqb/7VIA==

mimic-response@^3.1.0:
  version "3.1.0"
  resolved "https://registry.npmjs.org/mimic-response/-/mimic-response-3.1.0.tgz"
  integrity sha512-z0yWI+4FDrrweS8Zmt4Ej5HdJmky15+L2e6Wgn3+iK5fWzb6T3fhNFq2+MeTRb064c6Wr4N/wv0DzQTjNzHNGQ==

minimist@^1.2.0, minimist@^1.2.3:
  version "1.2.8"
  resolved "https://registry.npmjs.org/minimist/-/minimist-1.2.8.tgz"
  integrity sha512-2yyAR8qBkN3YuheJanUpWC5U3bb5osDywNB8RzDVlDwDHbocAJveqqj1u8+SVD7jkWT4yvsHCpWqqWqAxb0zCA==

mkdirp-classic@^0.5.2, mkdirp-classic@^0.5.3:
  version "0.5.3"
  resolved "https://registry.npmjs.org/mkdirp-classic/-/mkdirp-classic-0.5.3.tgz"
  integrity sha512-gKLcREMhtuZRwRAfqP3RFW+TK4JqApVBtOIftVgjuABpAtpxhPGaDcfvbhNvD0B8iD1oUr/txX35NjcaY6Ns/A==

napi-build-utils@^2.0.0:
  version "2.0.0"
  resolved "https://registry.npmjs.org/napi-build-utils/-/napi-build-utils-2.0.0.tgz"
  integrity sha512-GEbrYkbfF7MoNaoh2iGG84Mnf/WZfB0GdGEsM8wz7Expx/LlWf5U8t9nvJKXSp3qr5IsEbK04cBGhol/KwOsWA==

node-abi@^3.3.0:
  version "3.85.0"
  resolved "https://registry.npmjs.org/node-abi/-/node-abi-3.85.0.tgz"
  integrity sha512-zsFhmbkAzwhTft6nd3VxcG0cvJsT70rL+BIGHWVq5fi6MwGrHwzqKaxXE+Hl2GmnGItnDKPPkO5/LQqjVkIdFg==
  dependencies:
    semver "^7.3.5"

node-addon-api@^7.0.0:
  version "7.1.1"
  resolved "https://registry.npmjs.org/node-addon-api/-/node-addon-api-7.1.1.tgz"
  integrity sha512-5m3bsyrjFWE1xf7nz7YXdN4udnVtXK6/Yfgn5qnahL6bCkf2yKt4k3nuTKAtT4r3IG8JNR2ncsIMdZuAzJjHQQ==

once@^1.3.1, once@^1.4.0:
  version "1.4.0"
  resolved "https://registry.npmjs.org/once/-/once-1.4.0.tgz"
  integrity sha512-lNaJgI+2Q5URQBkccEKHTQOPaXdUxnZZElQTZY0MFUAuaEqe1E+Nyvgdz/aIyNi6Z9MzO5dv1H8n58/GELp3+w==
  dependencies:
    wrappy "1"

"polymer-bridges@file:../../polymer-bridges":
  version "1.0.0"
  resolved "file:../../polymer-bridges"

polymer-resin@^2.0.1:
  version "2.0.1"
  resolved "https://registry.npmjs.org/polymer-resin/-/polymer-resin-2.0.1.tgz"
  integrity sha512-Vak/4JiuToOKzvvjzcpISoFAlI7AwbOk79bZhqWNAZcqdzqEeFwos5hytjLV90d00TzVbff1LREaFpWR35zOjg==
  dependencies:
    "@polymer/polymer" "^3.0.2"
    "@webcomponents/webcomponentsjs" "^2.0.3"

prebuild-install@^7.1.3:
  version "7.1.3"
  resolved "https://registry.npmjs.org/prebuild-install/-/prebuild-install-7.1.3.tgz"
  integrity sha512-8Mf2cbV7x1cXPUILADGI3wuhfqWvtiLA1iclTDbFRZkgRQS0NqsPZphna9V+HyTEadheuPmjaJMsbzKQFOzLug==
  dependencies:
    detect-libc "^2.0.0"
    expand-template "^2.0.3"
    github-from-package "0.0.0"
    minimist "^1.2.3"
    mkdirp-classic "^0.5.3"
    napi-build-utils "^2.0.0"
    node-abi "^3.3.0"
    pump "^3.0.0"
    rc "^1.2.7"
    simple-get "^4.0.0"
    tar-fs "^2.0.0"
    tunnel-agent "^0.6.0"

pump@^3.0.0:
  version "3.0.3"
  resolved "https://registry.npmjs.org/pump/-/pump-3.0.3.tgz"
  integrity sha512-todwxLMY7/heScKmntwQG8CXVkWUOdYxIvY2s0VWAAMh/nd8SoYiRaKjlr7+iCs984f2P8zvrfWcDDYVb73NfA==
  dependencies:
    end-of-stream "^1.1.0"
    once "^1.3.1"

rc@^1.2.7:
  version "1.2.8"
  resolved "https://registry.npmjs.org/rc/-/rc-1.2.8.tgz"
  integrity sha512-y3bGgqKj3QBdxLbLkomlohkvsA8gdAiUQlSBJnBhfn+BPxg4bc62d8TcBW15wavDfgexCgccckhcZvywyQYPOw==
  dependencies:
    deep-extend "^0.6.0"
    ini "~1.3.0"
    minimist "^1.2.0"
    strip-json-comments "~2.0.1"

readable-stream@^3.1.1, readable-stream@^3.4.0:
  version "3.6.2"
  resolved "https://registry.npmjs.org/readable-stream/-/readable-stream-3.6.2.tgz"
  integrity sha512-9u/sniCrY3D5WdsERHzHE4G2YCXqoG5FTHUiCC4SIbr6XcLZBY05ya9EKjYek9O5xOAwjGq+1JdGBAS7Q9ScoA==
  dependencies:
    inherits "^2.0.3"
    string_decoder "^1.1.1"
    util-deprecate "^1.0.1"

resemblejs@rsmbl/Resemble.js#66a55c5bfc3bda2303ad632ee8ce3c727b415917:
  version "5.0.0"
  resolved "git+ssh://git@github.com/rsmbl/Resemble.js.git#66a55c5bfc3bda2303ad632ee8ce3c727b415917"
  integrity sha512-gjnAIcmy4oSrKOkI1FunYCdbf3NKIRXSYx8Pa2n/6FouELWnU/4ZvlIZEOaIjGDh0cu5pVdi0sdiFroNFh6u3Q==
  optionalDependencies:
    canvas "3.2.0"

rxjs@^6.6.7:
  version "6.6.7"
  resolved "https://registry.npmjs.org/rxjs/-/rxjs-6.6.7.tgz"
  integrity sha512-hTdwr+7yYNIT5n4AMYp85KA6yw2Va0FLa3Rguvbpa4W3I5xynaBZo41cM3XM+4Q6fRMj3sBYIR1VAmZMXYJvRQ==
  dependencies:
    tslib "^1.9.0"

safe-buffer@^5.0.1, safe-buffer@~5.2.0:
  version "5.2.1"
  resolved "https://registry.npmjs.org/safe-buffer/-/safe-buffer-5.2.1.tgz"
  integrity sha512-rp3So07KcdmmKbGvgaNxQSJr7bGVSVk5S9Eq1F+ppbRo70+YeaDxkw5Dd8NPN+GD6bjnYm2VuPuCXmpuYvmCXQ==

safevalues@^1.2.0:
  version "1.2.0"
  resolved "https://registry.npmjs.org/safevalues/-/safevalues-1.2.0.tgz"
  integrity sha512-zIsuhjYvJCjfsfjoim2ab6gLKFYAnTiDSJGh0cC3T44L/4kNLL90hBG2BzrXPrHA3f8Ms8FSJ1mljKH5dVR1cw==

semver@^7.3.5:
  version "7.7.3"
  resolved "https://registry.npmjs.org/semver/-/semver-7.7.3.tgz"
  integrity sha512-SdsKMrI9TdgjdweUSR9MweHA4EJ8YxHn8DFaDisvhVlUOe4BF1tLD7GAj0lIqWVl+dPb/rExr0Btby5loQm20Q==

simple-concat@^1.0.0:
  version "1.0.1"
  resolved "https://registry.npmjs.org/simple-concat/-/simple-concat-1.0.1.tgz"
  integrity sha512-cSFtAPtRhljv69IK0hTVZQ+OfE9nePi/rtJmw5UjHeVyVroEqJXP1sFztKUy1qU+xvz3u/sfYJLa947b7nAN2Q==

simple-get@^4.0.0:
  version "4.0.1"
  resolved "https://registry.npmjs.org/simple-get/-/simple-get-4.0.1.tgz"
  integrity sha512-brv7p5WgH0jmQJr1ZDDfKDOSeWWg+OVypG99A/5vYGPqJ6pxiaHLy8nxtFjBA7oMa01ebA9gfh1uMCFqOuXxvA==
  dependencies:
    decompress-response "^6.0.0"
    once "^1.3.1"
    simple-concat "^1.0.0"

string_decoder@^1.1.1:
  version "1.3.0"
  resolved "https://registry.npmjs.org/string_decoder/-/string_decoder-1.3.0.tgz"
  integrity sha512-hkRX8U1WjJFd8LsDJ2yQ/wWWxaopEsABU1XfkM8A+j0+85JAGppt16cr1Whg6KIbb4okU6Mql6BOj+uup/wKeA==
  dependencies:
    safe-buffer "~5.2.0"

strip-json-comments@~2.0.1:
  version "2.0.1"
  resolved "https://registry.npmjs.org/strip-json-comments/-/strip-json-comments-2.0.1.tgz"
  integrity sha512-4gB8na07fecVVkOI6Rs4e7T6NOTki5EmL7TUduTs6bu3EdnSycntVJ4re8kgZA+wx9IueI2Y11bfbgwtzuE0KQ==

tar-fs@^2.0.0:
  version "2.1.4"
  resolved "https://registry.npmjs.org/tar-fs/-/tar-fs-2.1.4.tgz"
  integrity sha512-mDAjwmZdh7LTT6pNleZ05Yt65HC3E+NiQzl672vQG38jIrehtJk/J3mNwIg+vShQPcLF/LV7CMnDW6vjj6sfYQ==
  dependencies:
    chownr "^1.1.1"
    mkdirp-classic "^0.5.2"
    pump "^3.0.0"
    tar-stream "^2.1.4"

tar-stream@^2.1.4:
  version "2.2.0"
  resolved "https://registry.npmjs.org/tar-stream/-/tar-stream-2.2.0.tgz"
  integrity sha512-ujeqbceABgwMZxEJnk2HDY2DlnUZ+9oEcb1KzTVfYHio0UE6dG71n60d8D2I4qNvleWrrXpmjpt7vZeF1LnMZQ==
  dependencies:
    bl "^4.0.3"
    end-of-stream "^1.4.1"
    fs-constants "^1.0.0"
    inherits "^2.0.3"
    readable-stream "^3.1.1"

tslib@^1.9.0:
  version "1.14.1"
  resolved "https://registry.npmjs.org/tslib/-/tslib-1.14.1.tgz"
  integrity sha512-Xni35NKzjgMrwevysHTCArtLDpPvye8zV/0E4EyYn43P7/7qvQwPh9BGkHewbMulVntbigmcT7rdX3BNo9wRJg==

tslib@^2.4.0:
  version "2.8.1"
  resolved "https://registry.npmjs.org/tslib/-/tslib-2.8.1.tgz"
  integrity sha512-oJFu94HQb+KVduSUQL7wnpmqnfmLsOA/nAh6b6EH0wCEoK0/mPeXU6c3wKDV83MkOuHPRHtSXKKU99IBazS/2w==

tunnel-agent@^0.6.0:
  version "0.6.0"
  resolved "https://registry.npmjs.org/tunnel-agent/-/tunnel-agent-0.6.0.tgz"
  integrity sha512-McnNiV1l8RYeY8tBgEpuodCC1mLUdbSN+CYBL7kJsJNInOP8UjDDEwdk6Mw60vdLLrr5NHKZhMAOSrR2NZuQ+w==
  dependencies:
    safe-buffer "^5.0.1"

util-deprecate@^1.0.1:
  version "1.0.2"
  resolved "https://registry.npmjs.org/util-deprecate/-/util-deprecate-1.0.2.tgz"
  integrity sha512-EPD5q1uXyFxJpCrLnCc1nHnq3gOa6DZBocAIiI2TaSCA7VCJ1UJDMagCzIkXNsUYfD1daK//LTEQ8xiIbrHtcw==

web-vitals@^5.1.0:
  version "5.1.0"
  resolved "https://registry.npmjs.org/web-vitals/-/web-vitals-5.1.0.tgz"
  integrity sha512-ArI3kx5jI0atlTtmV0fWU3fjpLmq/nD3Zr1iFFlJLaqa5wLBkUSzINwBPySCX/8jRyjlmy1Volw1kz1g9XE4Jg==

wrappy@1:
  version "1.0.2"
  resolved "https://registry.npmjs.org/wrappy/-/wrappy-1.0.2.tgz"
  integrity sha512-l4Sp/DRseor9wL6EvV2+TuQn63dMkPjZ/sp9XkghTEbV9KlPS1xUsZ3u7/IQO4wxtcFB4bgpQPRcR3QCvezPcQ==
